{
  "version": 4,
  "terraform_version": "1.3.7",
  "serial": 1353,
  "lineage": "ca1d33a1-dede-9dd0-7323-ff2b255b29e6",
  "outputs": {
    "Ansible_IP": {
      "value": "10.0.3.157",
      "type": "string"
    },
    "Grafana_ELB": {
      "value": "grafana-lb-649128674.eu-west-3.elb.amazonaws.com",
      "type": "string"
    },
    "HAProxy_Prod_BackupIP": {
      "value": "10.0.4.217",
      "type": "string"
    },
    "HAProxy_Prod_IP": {
      "value": "10.0.3.234",
      "type": "string"
    },
    "HAproxy_Stage_BackupIP": {
      "value": "10.0.4.170",
      "type": "string"
    },
    "HAproxy_Stage_IP": {
      "value": "10.0.3.4",
      "type": "string"
    },
    "Jenkins_ELB": {
      "value": "jenkins-elb-380426918.eu-west-3.elb.amazonaws.com",
      "type": "string"
    },
    "Jenkins_IP": {
      "value": "10.0.3.20",
      "type": "string"
    },
    "Prometheus_ELB": {
      "value": "prometheus-lb-866901203.eu-west-3.elb.amazonaws.com",
      "type": "string"
    },
    "Stage_dns": {
      "value": "stg-LoadBalancer-781575585.eu-west-3.elb.amazonaws.com",
      "type": "string"
    },
    "bastion_IP": {
      "value": "13.38.83.228",
      "type": "string"
    },
    "continous-testing": {
      "value": "10.0.3.119",
      "type": "string"
    },
    "master_nodes": {
      "value": [
        "10.0.3.122",
        "10.0.3.156",
        "10.0.3.155",
        "10.0.3.30",
        "10.0.3.22",
        "10.0.3.8"
      ],
      "type": [
        "tuple",
        [
          "string",
          "string",
          "string",
          "string",
          "string",
          "string"
        ]
      ]
    },
    "worker_node": {
      "value": [
        "10.0.3.116",
        "10.0.3.140"
      ],
      "type": [
        "tuple",
        [
          "string",
          "string"
        ]
      ]
    }
  },
  "resources": [
    {
      "mode": "managed",
      "type": "null_resource",
      "name": "ansible_configure",
      "provider": "provider[\"registry.terraform.io/hashicorp/null\"]",
      "instances": [
        {
          "schema_version": 0,
          "attributes": {
            "id": "520997997",
            "triggers": null
          },
          "sensitive_attributes": [],
          "dependencies": [
            "module.HAProxy_backup.aws_instance.PACUJPEU1_HAProxy_backup",
            "module.HAproxy-Prod.aws_instance.PACUJPEU1_HAProxy1",
            "module.HAproxy-stage.aws_instance.PACUJPEU1_HAProxy2",
            "module.Master-Node.aws_instance.PACUJPEU1_master-node",
            "module.Worker-Node.aws_instance.PACUJPEU1_worker-node",
            "module.ansible.aws_instance.PACUJPEU1_ansible",
            "module.bastion.aws_instance.PACUJPEU1_Bastion",
            "module.iam.aws_iam_instance_profile.ec2_profile",
            "module.iam.aws_iam_role.ec2_role",
            "module.keypair.aws_key_pair.PACUJPEU1-keypair",
            "module.security-group.aws_security_group.PACUJPEU1-Bastion-Ansible-SG",
            "module.security-group.aws_security_group.PACUJPEU1_mas_work_sg",
            "module.stage-HAProxy_backup.aws_instance.PACUJPEU1_HAProxy_stg-backup",
            "module.vpc.aws_subnet.PACUJPEU1-PrvtSub01",
            "module.vpc.aws_subnet.PACUJPEU1-PrvtSub02",
            "module.vpc.aws_subnet.PACUJPEU1-PubSub01",
            "module.vpc.aws_vpc.PACUJPEU1-vpc"
          ]
        }
      ]
    },
    {
      "module": "module.HAProxy_backup",
      "mode": "managed",
      "type": "aws_instance",
      "name": "PACUJPEU1_HAProxy_backup",
      "provider": "provider[\"registry.terraform.io/hashicorp/aws\"]",
      "instances": [
        {
          "schema_version": 1,
          "attributes": {
            "ami": "ami-05e8e219ac7e82eba",
            "arn": "arn:aws:ec2:eu-west-3:739980000921:instance/i-08c6f08adaac1764f",
            "associate_public_ip_address": false,
            "availability_zone": "eu-west-3b",
            "capacity_reservation_specification": [
              {
                "capacity_reservation_preference": "open",
                "capacity_reservation_target": []
              }
            ],
            "cpu_core_count": 1,
            "cpu_threads_per_core": 2,
            "credit_specification": [
              {
                "cpu_credits": "unlimited"
              }
            ],
            "disable_api_stop": false,
            "disable_api_termination": false,
            "ebs_block_device": [],
            "ebs_optimized": false,
            "enclave_options": [
              {
                "enabled": false
              }
            ],
            "ephemeral_block_device": [],
            "get_password_data": false,
            "hibernation": false,
            "host_id": "",
            "host_resource_group_arn": null,
            "iam_instance_profile": "",
            "id": "i-08c6f08adaac1764f",
            "instance_initiated_shutdown_behavior": "stop",
            "instance_state": "running",
            "instance_type": "t3.medium",
            "ipv6_address_count": 0,
            "ipv6_addresses": [],
            "key_name": "PACUJPEU1-key",
            "launch_template": [],
            "maintenance_options": [
              {
                "auto_recovery": "default"
              }
            ],
            "metadata_options": [
              {
                "http_endpoint": "enabled",
                "http_put_response_hop_limit": 1,
                "http_tokens": "optional",
                "instance_metadata_tags": "disabled"
              }
            ],
            "monitoring": false,
            "network_interface": [],
            "outpost_arn": "",
            "password_data": "",
            "placement_group": "",
            "placement_partition_number": 0,
            "primary_network_interface_id": "eni-0fee292f2516a31db",
            "private_dns": "ip-10-0-4-217.eu-west-3.compute.internal",
            "private_dns_name_options": [
              {
                "enable_resource_name_dns_a_record": false,
                "enable_resource_name_dns_aaaa_record": false,
                "hostname_type": "ip-name"
              }
            ],
            "private_ip": "10.0.4.217",
            "public_dns": "",
            "public_ip": "",
            "root_block_device": [
              {
                "delete_on_termination": true,
                "device_name": "/dev/sda1",
                "encrypted": false,
                "iops": 100,
                "kms_key_id": "",
                "tags": {},
                "throughput": 0,
                "volume_id": "vol-0ca37023e5dd0a610",
                "volume_size": 8,
                "volume_type": "gp2"
              }
            ],
            "secondary_private_ips": [],
            "security_groups": [],
            "source_dest_check": true,
            "subnet_id": "subnet-0574a3c3907592f3c",
            "tags": {
              "Name": "PACUJPEU1-HAProxy_backup"
            },
            "tags_all": {
              "Name": "PACUJPEU1-HAProxy_backup"
            },
            "tenancy": "default",
            "timeouts": null,
            "user_data": "dbbe7d8d51573781f9ad687d291d7fc7070b1211",
            "user_data_base64": null,
            "user_data_replace_on_change": false,
            "volume_tags": null,
            "vpc_security_group_ids": [
              "sg-08e26415fb30f678e"
            ]
          },
          "sensitive_attributes": [],
          "private": "eyJlMmJmYjczMC1lY2FhLTExZTYtOGY4OC0zNDM2M2JjN2M0YzAiOnsiY3JlYXRlIjo2MDAwMDAwMDAwMDAsImRlbGV0ZSI6MTIwMDAwMDAwMDAwMCwidXBkYXRlIjo2MDAwMDAwMDAwMDB9LCJzY2hlbWFfdmVyc2lvbiI6IjEifQ==",
          "dependencies": [
            "module.Master-Node.aws_instance.PACUJPEU1_master-node",
            "module.keypair.aws_key_pair.PACUJPEU1-keypair",
            "module.security-group.aws_security_group.PACUJPEU1_mas_work_sg",
            "module.vpc.aws_subnet.PACUJPEU1-PrvtSub01",
            "module.vpc.aws_subnet.PACUJPEU1-PrvtSub02",
            "module.vpc.aws_vpc.PACUJPEU1-vpc"
          ]
        }
      ]
    },
    {
      "module": "module.HAproxy-Prod",
      "mode": "managed",
      "type": "aws_instance",
      "name": "PACUJPEU1_HAProxy1",
      "provider": "provider[\"registry.terraform.io/hashicorp/aws\"]",
      "instances": [
        {
          "schema_version": 1,
          "attributes": {
            "ami": "ami-05e8e219ac7e82eba",
            "arn": "arn:aws:ec2:eu-west-3:739980000921:instance/i-00a6b86ade6683626",
            "associate_public_ip_address": false,
            "availability_zone": "eu-west-3a",
            "capacity_reservation_specification": [
              {
                "capacity_reservation_preference": "open",
                "capacity_reservation_target": []
              }
            ],
            "cpu_core_count": 1,
            "cpu_threads_per_core": 2,
            "credit_specification": [
              {
                "cpu_credits": "unlimited"
              }
            ],
            "disable_api_stop": false,
            "disable_api_termination": false,
            "ebs_block_device": [],
            "ebs_optimized": false,
            "enclave_options": [
              {
                "enabled": false
              }
            ],
            "ephemeral_block_device": [],
            "get_password_data": false,
            "hibernation": false,
            "host_id": "",
            "host_resource_group_arn": null,
            "iam_instance_profile": "",
            "id": "i-00a6b86ade6683626",
            "instance_initiated_shutdown_behavior": "stop",
            "instance_state": "running",
            "instance_type": "t3.medium",
            "ipv6_address_count": 0,
            "ipv6_addresses": [],
            "key_name": "PACUJPEU1-key",
            "launch_template": [],
            "maintenance_options": [
              {
                "auto_recovery": "default"
              }
            ],
            "metadata_options": [
              {
                "http_endpoint": "enabled",
                "http_put_response_hop_limit": 1,
                "http_tokens": "optional",
                "instance_metadata_tags": "disabled"
              }
            ],
            "monitoring": false,
            "network_interface": [],
            "outpost_arn": "",
            "password_data": "",
            "placement_group": "",
            "placement_partition_number": 0,
            "primary_network_interface_id": "eni-09417b0fd7bbda22d",
            "private_dns": "ip-10-0-3-234.eu-west-3.compute.internal",
            "private_dns_name_options": [
              {
                "enable_resource_name_dns_a_record": false,
                "enable_resource_name_dns_aaaa_record": false,
                "hostname_type": "ip-name"
              }
            ],
            "private_ip": "10.0.3.234",
            "public_dns": "",
            "public_ip": "",
            "root_block_device": [
              {
                "delete_on_termination": true,
                "device_name": "/dev/sda1",
                "encrypted": false,
                "iops": 100,
                "kms_key_id": "",
                "tags": {},
                "throughput": 0,
                "volume_id": "vol-080095f0a557d7d4e",
                "volume_size": 8,
                "volume_type": "gp2"
              }
            ],
            "secondary_private_ips": [],
            "security_groups": [],
            "source_dest_check": true,
            "subnet_id": "subnet-0b5cd7d411ade5509",
            "tags": {
              "Name": "PACUJPEU1-HAProxy1"
            },
            "tags_all": {
              "Name": "PACUJPEU1-HAProxy1"
            },
            "tenancy": "default",
            "timeouts": null,
            "user_data": "f85b2f15fc750b7be6ac7d601a700e100b87b6c5",
            "user_data_base64": null,
            "user_data_replace_on_change": false,
            "volume_tags": null,
            "vpc_security_group_ids": [
              "sg-08e26415fb30f678e"
            ]
          },
          "sensitive_attributes": [],
          "private": "eyJlMmJmYjczMC1lY2FhLTExZTYtOGY4OC0zNDM2M2JjN2M0YzAiOnsiY3JlYXRlIjo2MDAwMDAwMDAwMDAsImRlbGV0ZSI6MTIwMDAwMDAwMDAwMCwidXBkYXRlIjo2MDAwMDAwMDAwMDB9LCJzY2hlbWFfdmVyc2lvbiI6IjEifQ==",
          "dependencies": [
            "module.Master-Node.aws_instance.PACUJPEU1_master-node",
            "module.keypair.aws_key_pair.PACUJPEU1-keypair",
            "module.security-group.aws_security_group.PACUJPEU1_mas_work_sg",
            "module.vpc.aws_subnet.PACUJPEU1-PrvtSub01",
            "module.vpc.aws_vpc.PACUJPEU1-vpc"
          ]
        }
      ]
    },
    {
      "module": "module.HAproxy-stage",
      "mode": "managed",
      "type": "aws_instance",
      "name": "PACUJPEU1_HAProxy2",
      "provider": "provider[\"registry.terraform.io/hashicorp/aws\"]",
      "instances": [
        {
          "schema_version": 1,
          "attributes": {
            "ami": "ami-05e8e219ac7e82eba",
            "arn": "arn:aws:ec2:eu-west-3:739980000921:instance/i-02b30fec9894fdd3b",
            "associate_public_ip_address": false,
            "availability_zone": "eu-west-3a",
            "capacity_reservation_specification": [
              {
                "capacity_reservation_preference": "open",
                "capacity_reservation_target": []
              }
            ],
            "cpu_core_count": 1,
            "cpu_threads_per_core": 2,
            "credit_specification": [
              {
                "cpu_credits": "unlimited"
              }
            ],
            "disable_api_stop": false,
            "disable_api_termination": false,
            "ebs_block_device": [],
            "ebs_optimized": false,
            "enclave_options": [
              {
                "enabled": false
              }
            ],
            "ephemeral_block_device": [],
            "get_password_data": false,
            "hibernation": false,
            "host_id": "",
            "host_resource_group_arn": null,
            "iam_instance_profile": "",
            "id": "i-02b30fec9894fdd3b",
            "instance_initiated_shutdown_behavior": "stop",
            "instance_state": "running",
            "instance_type": "t3.medium",
            "ipv6_address_count": 0,
            "ipv6_addresses": [],
            "key_name": "PACUJPEU1-key",
            "launch_template": [],
            "maintenance_options": [
              {
                "auto_recovery": "default"
              }
            ],
            "metadata_options": [
              {
                "http_endpoint": "enabled",
                "http_put_response_hop_limit": 1,
                "http_tokens": "optional",
                "instance_metadata_tags": "disabled"
              }
            ],
            "monitoring": false,
            "network_interface": [],
            "outpost_arn": "",
            "password_data": "",
            "placement_group": "",
            "placement_partition_number": 0,
            "primary_network_interface_id": "eni-03bade518da847562",
            "private_dns": "ip-10-0-3-4.eu-west-3.compute.internal",
            "private_dns_name_options": [
              {
                "enable_resource_name_dns_a_record": false,
                "enable_resource_name_dns_aaaa_record": false,
                "hostname_type": "ip-name"
              }
            ],
            "private_ip": "10.0.3.4",
            "public_dns": "",
            "public_ip": "",
            "root_block_device": [
              {
                "delete_on_termination": true,
                "device_name": "/dev/sda1",
                "encrypted": false,
                "iops": 100,
                "kms_key_id": "",
                "tags": {},
                "throughput": 0,
                "volume_id": "vol-0ffde9ed78121eb45",
                "volume_size": 8,
                "volume_type": "gp2"
              }
            ],
            "secondary_private_ips": [],
            "security_groups": [],
            "source_dest_check": true,
            "subnet_id": "subnet-0b5cd7d411ade5509",
            "tags": {
              "Name": "PACUJPEU1-HAProxy1"
            },
            "tags_all": {
              "Name": "PACUJPEU1-HAProxy1"
            },
            "tenancy": "default",
            "timeouts": null,
            "user_data": "435b917eb1c5bd81816fc09e1b0171c1f2b47ce5",
            "user_data_base64": null,
            "user_data_replace_on_change": false,
            "volume_tags": null,
            "vpc_security_group_ids": [
              "sg-08e26415fb30f678e"
            ]
          },
          "sensitive_attributes": [],
          "private": "eyJlMmJmYjczMC1lY2FhLTExZTYtOGY4OC0zNDM2M2JjN2M0YzAiOnsiY3JlYXRlIjo2MDAwMDAwMDAwMDAsImRlbGV0ZSI6MTIwMDAwMDAwMDAwMCwidXBkYXRlIjo2MDAwMDAwMDAwMDB9LCJzY2hlbWFfdmVyc2lvbiI6IjEifQ==",
          "dependencies": [
            "module.Master-Node.aws_instance.PACUJPEU1_master-node",
            "module.keypair.aws_key_pair.PACUJPEU1-keypair",
            "module.security-group.aws_security_group.PACUJPEU1_mas_work_sg",
            "module.vpc.aws_subnet.PACUJPEU1-PrvtSub01",
            "module.vpc.aws_vpc.PACUJPEU1-vpc"
          ]
        }
      ]
    },
    {
      "module": "module.Master-Node",
      "mode": "managed",
      "type": "aws_instance",
      "name": "PACUJPEU1_master-node",
      "provider": "provider[\"registry.terraform.io/hashicorp/aws\"]",
      "instances": [
        {
          "index_key": 0,
          "schema_version": 1,
          "attributes": {
            "ami": "ami-05e8e219ac7e82eba",
            "arn": "arn:aws:ec2:eu-west-3:739980000921:instance/i-09a6cad90c39e7ef6",
            "associate_public_ip_address": false,
            "availability_zone": "eu-west-3a",
            "capacity_reservation_specification": [
              {
                "capacity_reservation_preference": "open",
                "capacity_reservation_target": []
              }
            ],
            "cpu_core_count": 1,
            "cpu_threads_per_core": 2,
            "credit_specification": [
              {
                "cpu_credits": "unlimited"
              }
            ],
            "disable_api_stop": false,
            "disable_api_termination": false,
            "ebs_block_device": [],
            "ebs_optimized": false,
            "enclave_options": [
              {
                "enabled": false
              }
            ],
            "ephemeral_block_device": [],
            "get_password_data": false,
            "hibernation": false,
            "host_id": "",
            "host_resource_group_arn": null,
            "iam_instance_profile": "",
            "id": "i-09a6cad90c39e7ef6",
            "instance_initiated_shutdown_behavior": "stop",
            "instance_state": "running",
            "instance_type": "t3.medium",
            "ipv6_address_count": 0,
            "ipv6_addresses": [],
            "key_name": "PACUJPEU1-key",
            "launch_template": [],
            "maintenance_options": [
              {
                "auto_recovery": "default"
              }
            ],
            "metadata_options": [
              {
                "http_endpoint": "enabled",
                "http_put_response_hop_limit": 1,
                "http_tokens": "optional",
                "instance_metadata_tags": "disabled"
              }
            ],
            "monitoring": false,
            "network_interface": [],
            "outpost_arn": "",
            "password_data": "",
            "placement_group": "",
            "placement_partition_number": 0,
            "primary_network_interface_id": "eni-05aae4a8f4fc70f4a",
            "private_dns": "ip-10-0-3-122.eu-west-3.compute.internal",
            "private_dns_name_options": [
              {
                "enable_resource_name_dns_a_record": false,
                "enable_resource_name_dns_aaaa_record": false,
                "hostname_type": "ip-name"
              }
            ],
            "private_ip": "10.0.3.122",
            "public_dns": "",
            "public_ip": "",
            "root_block_device": [
              {
                "delete_on_termination": true,
                "device_name": "/dev/sda1",
                "encrypted": false,
                "iops": 100,
                "kms_key_id": "",
                "tags": {},
                "throughput": 0,
                "volume_id": "vol-08ad51af11c1f7e47",
                "volume_size": 8,
                "volume_type": "gp2"
              }
            ],
            "secondary_private_ips": [],
            "security_groups": [],
            "source_dest_check": true,
            "subnet_id": "subnet-0b5cd7d411ade5509",
            "tags": {
              "Name": "Master-Node0"
            },
            "tags_all": {
              "Name": "Master-Node0"
            },
            "tenancy": "default",
            "timeouts": null,
            "user_data": null,
            "user_data_base64": null,
            "user_data_replace_on_change": false,
            "volume_tags": null,
            "vpc_security_group_ids": [
              "sg-08e26415fb30f678e"
            ]
          },
          "sensitive_attributes": [],
          "private": "eyJlMmJmYjczMC1lY2FhLTExZTYtOGY4OC0zNDM2M2JjN2M0YzAiOnsiY3JlYXRlIjo2MDAwMDAwMDAwMDAsImRlbGV0ZSI6MTIwMDAwMDAwMDAwMCwidXBkYXRlIjo2MDAwMDAwMDAwMDB9LCJzY2hlbWFfdmVyc2lvbiI6IjEifQ==",
          "dependencies": [
            "module.keypair.aws_key_pair.PACUJPEU1-keypair",
            "module.security-group.aws_security_group.PACUJPEU1_mas_work_sg",
            "module.vpc.aws_subnet.PACUJPEU1-PrvtSub01",
            "module.vpc.aws_vpc.PACUJPEU1-vpc"
          ]
        },
        {
          "index_key": 1,
          "schema_version": 1,
          "attributes": {
            "ami": "ami-05e8e219ac7e82eba",
            "arn": "arn:aws:ec2:eu-west-3:739980000921:instance/i-0095cb9960ce31b5d",
            "associate_public_ip_address": false,
            "availability_zone": "eu-west-3a",
            "capacity_reservation_specification": [
              {
                "capacity_reservation_preference": "open",
                "capacity_reservation_target": []
              }
            ],
            "cpu_core_count": 1,
            "cpu_threads_per_core": 2,
            "credit_specification": [
              {
                "cpu_credits": "unlimited"
              }
            ],
            "disable_api_stop": false,
            "disable_api_termination": false,
            "ebs_block_device": [],
            "ebs_optimized": false,
            "enclave_options": [
              {
                "enabled": false
              }
            ],
            "ephemeral_block_device": [],
            "get_password_data": false,
            "hibernation": false,
            "host_id": "",
            "host_resource_group_arn": null,
            "iam_instance_profile": "",
            "id": "i-0095cb9960ce31b5d",
            "instance_initiated_shutdown_behavior": "stop",
            "instance_state": "running",
            "instance_type": "t3.medium",
            "ipv6_address_count": 0,
            "ipv6_addresses": [],
            "key_name": "PACUJPEU1-key",
            "launch_template": [],
            "maintenance_options": [
              {
                "auto_recovery": "default"
              }
            ],
            "metadata_options": [
              {
                "http_endpoint": "enabled",
                "http_put_response_hop_limit": 1,
                "http_tokens": "optional",
                "instance_metadata_tags": "disabled"
              }
            ],
            "monitoring": false,
            "network_interface": [],
            "outpost_arn": "",
            "password_data": "",
            "placement_group": "",
            "placement_partition_number": 0,
            "primary_network_interface_id": "eni-0f464254a16e967ef",
            "private_dns": "ip-10-0-3-156.eu-west-3.compute.internal",
            "private_dns_name_options": [
              {
                "enable_resource_name_dns_a_record": false,
                "enable_resource_name_dns_aaaa_record": false,
                "hostname_type": "ip-name"
              }
            ],
            "private_ip": "10.0.3.156",
            "public_dns": "",
            "public_ip": "",
            "root_block_device": [
              {
                "delete_on_termination": true,
                "device_name": "/dev/sda1",
                "encrypted": false,
                "iops": 100,
                "kms_key_id": "",
                "tags": {},
                "throughput": 0,
                "volume_id": "vol-08d36e13504dcedf2",
                "volume_size": 8,
                "volume_type": "gp2"
              }
            ],
            "secondary_private_ips": [],
            "security_groups": [],
            "source_dest_check": true,
            "subnet_id": "subnet-0b5cd7d411ade5509",
            "tags": {
              "Name": "Master-Node1"
            },
            "tags_all": {
              "Name": "Master-Node1"
            },
            "tenancy": "default",
            "timeouts": null,
            "user_data": null,
            "user_data_base64": null,
            "user_data_replace_on_change": false,
            "volume_tags": null,
            "vpc_security_group_ids": [
              "sg-08e26415fb30f678e"
            ]
          },
          "sensitive_attributes": [],
          "private": "eyJlMmJmYjczMC1lY2FhLTExZTYtOGY4OC0zNDM2M2JjN2M0YzAiOnsiY3JlYXRlIjo2MDAwMDAwMDAwMDAsImRlbGV0ZSI6MTIwMDAwMDAwMDAwMCwidXBkYXRlIjo2MDAwMDAwMDAwMDB9LCJzY2hlbWFfdmVyc2lvbiI6IjEifQ==",
          "dependencies": [
            "module.keypair.aws_key_pair.PACUJPEU1-keypair",
            "module.security-group.aws_security_group.PACUJPEU1_mas_work_sg",
            "module.vpc.aws_subnet.PACUJPEU1-PrvtSub01",
            "module.vpc.aws_vpc.PACUJPEU1-vpc"
          ]
        },
        {
          "index_key": 2,
          "schema_version": 1,
          "attributes": {
            "ami": "ami-05e8e219ac7e82eba",
            "arn": "arn:aws:ec2:eu-west-3:739980000921:instance/i-018385d057363d9cb",
            "associate_public_ip_address": false,
            "availability_zone": "eu-west-3a",
            "capacity_reservation_specification": [
              {
                "capacity_reservation_preference": "open",
                "capacity_reservation_target": []
              }
            ],
            "cpu_core_count": 1,
            "cpu_threads_per_core": 2,
            "credit_specification": [
              {
                "cpu_credits": "unlimited"
              }
            ],
            "disable_api_stop": false,
            "disable_api_termination": false,
            "ebs_block_device": [],
            "ebs_optimized": false,
            "enclave_options": [
              {
                "enabled": false
              }
            ],
            "ephemeral_block_device": [],
            "get_password_data": false,
            "hibernation": false,
            "host_id": "",
            "host_resource_group_arn": null,
            "iam_instance_profile": "",
            "id": "i-018385d057363d9cb",
            "instance_initiated_shutdown_behavior": "stop",
            "instance_state": "running",
            "instance_type": "t3.medium",
            "ipv6_address_count": 0,
            "ipv6_addresses": [],
            "key_name": "PACUJPEU1-key",
            "launch_template": [],
            "maintenance_options": [
              {
                "auto_recovery": "default"
              }
            ],
            "metadata_options": [
              {
                "http_endpoint": "enabled",
                "http_put_response_hop_limit": 1,
                "http_tokens": "optional",
                "instance_metadata_tags": "disabled"
              }
            ],
            "monitoring": false,
            "network_interface": [],
            "outpost_arn": "",
            "password_data": "",
            "placement_group": "",
            "placement_partition_number": 0,
            "primary_network_interface_id": "eni-076563e813b6a86f2",
            "private_dns": "ip-10-0-3-155.eu-west-3.compute.internal",
            "private_dns_name_options": [
              {
                "enable_resource_name_dns_a_record": false,
                "enable_resource_name_dns_aaaa_record": false,
                "hostname_type": "ip-name"
              }
            ],
            "private_ip": "10.0.3.155",
            "public_dns": "",
            "public_ip": "",
            "root_block_device": [
              {
                "delete_on_termination": true,
                "device_name": "/dev/sda1",
                "encrypted": false,
                "iops": 100,
                "kms_key_id": "",
                "tags": {},
                "throughput": 0,
                "volume_id": "vol-09e7e73779ac2232c",
                "volume_size": 8,
                "volume_type": "gp2"
              }
            ],
            "secondary_private_ips": [],
            "security_groups": [],
            "source_dest_check": true,
            "subnet_id": "subnet-0b5cd7d411ade5509",
            "tags": {
              "Name": "Master-Node2"
            },
            "tags_all": {
              "Name": "Master-Node2"
            },
            "tenancy": "default",
            "timeouts": null,
            "user_data": null,
            "user_data_base64": null,
            "user_data_replace_on_change": false,
            "volume_tags": null,
            "vpc_security_group_ids": [
              "sg-08e26415fb30f678e"
            ]
          },
          "sensitive_attributes": [],
          "private": "eyJlMmJmYjczMC1lY2FhLTExZTYtOGY4OC0zNDM2M2JjN2M0YzAiOnsiY3JlYXRlIjo2MDAwMDAwMDAwMDAsImRlbGV0ZSI6MTIwMDAwMDAwMDAwMCwidXBkYXRlIjo2MDAwMDAwMDAwMDB9LCJzY2hlbWFfdmVyc2lvbiI6IjEifQ==",
          "dependencies": [
            "module.keypair.aws_key_pair.PACUJPEU1-keypair",
            "module.security-group.aws_security_group.PACUJPEU1_mas_work_sg",
            "module.vpc.aws_subnet.PACUJPEU1-PrvtSub01",
            "module.vpc.aws_vpc.PACUJPEU1-vpc"
          ]
        },
        {
          "index_key": 3,
          "schema_version": 1,
          "attributes": {
            "ami": "ami-05e8e219ac7e82eba",
            "arn": "arn:aws:ec2:eu-west-3:739980000921:instance/i-006e141855c5343a6",
            "associate_public_ip_address": false,
            "availability_zone": "eu-west-3a",
            "capacity_reservation_specification": [
              {
                "capacity_reservation_preference": "open",
                "capacity_reservation_target": []
              }
            ],
            "cpu_core_count": 1,
            "cpu_threads_per_core": 2,
            "credit_specification": [
              {
                "cpu_credits": "unlimited"
              }
            ],
            "disable_api_stop": false,
            "disable_api_termination": false,
            "ebs_block_device": [],
            "ebs_optimized": false,
            "enclave_options": [
              {
                "enabled": false
              }
            ],
            "ephemeral_block_device": [],
            "get_password_data": false,
            "hibernation": false,
            "host_id": "",
            "host_resource_group_arn": null,
            "iam_instance_profile": "",
            "id": "i-006e141855c5343a6",
            "instance_initiated_shutdown_behavior": "stop",
            "instance_state": "running",
            "instance_type": "t3.medium",
            "ipv6_address_count": 0,
            "ipv6_addresses": [],
            "key_name": "PACUJPEU1-key",
            "launch_template": [],
            "maintenance_options": [
              {
                "auto_recovery": "default"
              }
            ],
            "metadata_options": [
              {
                "http_endpoint": "enabled",
                "http_put_response_hop_limit": 1,
                "http_tokens": "optional",
                "instance_metadata_tags": "disabled"
              }
            ],
            "monitoring": false,
            "network_interface": [],
            "outpost_arn": "",
            "password_data": "",
            "placement_group": "",
            "placement_partition_number": 0,
            "primary_network_interface_id": "eni-0359ab98efa5e88a0",
            "private_dns": "ip-10-0-3-30.eu-west-3.compute.internal",
            "private_dns_name_options": [
              {
                "enable_resource_name_dns_a_record": false,
                "enable_resource_name_dns_aaaa_record": false,
                "hostname_type": "ip-name"
              }
            ],
            "private_ip": "10.0.3.30",
            "public_dns": "",
            "public_ip": "",
            "root_block_device": [
              {
                "delete_on_termination": true,
                "device_name": "/dev/sda1",
                "encrypted": false,
                "iops": 100,
                "kms_key_id": "",
                "tags": {},
                "throughput": 0,
                "volume_id": "vol-054b3433302968638",
                "volume_size": 8,
                "volume_type": "gp2"
              }
            ],
            "secondary_private_ips": [],
            "security_groups": [],
            "source_dest_check": true,
            "subnet_id": "subnet-0b5cd7d411ade5509",
            "tags": {
              "Name": "Master-Node3"
            },
            "tags_all": {
              "Name": "Master-Node3"
            },
            "tenancy": "default",
            "timeouts": null,
            "user_data": null,
            "user_data_base64": null,
            "user_data_replace_on_change": false,
            "volume_tags": null,
            "vpc_security_group_ids": [
              "sg-08e26415fb30f678e"
            ]
          },
          "sensitive_attributes": [],
          "private": "eyJlMmJmYjczMC1lY2FhLTExZTYtOGY4OC0zNDM2M2JjN2M0YzAiOnsiY3JlYXRlIjo2MDAwMDAwMDAwMDAsImRlbGV0ZSI6MTIwMDAwMDAwMDAwMCwidXBkYXRlIjo2MDAwMDAwMDAwMDB9LCJzY2hlbWFfdmVyc2lvbiI6IjEifQ==",
          "dependencies": [
            "module.keypair.aws_key_pair.PACUJPEU1-keypair",
            "module.security-group.aws_security_group.PACUJPEU1_mas_work_sg",
            "module.vpc.aws_subnet.PACUJPEU1-PrvtSub01",
            "module.vpc.aws_vpc.PACUJPEU1-vpc"
          ]
        },
        {
          "index_key": 4,
          "schema_version": 1,
          "attributes": {
            "ami": "ami-05e8e219ac7e82eba",
            "arn": "arn:aws:ec2:eu-west-3:739980000921:instance/i-02f978d794c02672e",
            "associate_public_ip_address": false,
            "availability_zone": "eu-west-3a",
            "capacity_reservation_specification": [
              {
                "capacity_reservation_preference": "open",
                "capacity_reservation_target": []
              }
            ],
            "cpu_core_count": 1,
            "cpu_threads_per_core": 2,
            "credit_specification": [
              {
                "cpu_credits": "unlimited"
              }
            ],
            "disable_api_stop": false,
            "disable_api_termination": false,
            "ebs_block_device": [],
            "ebs_optimized": false,
            "enclave_options": [
              {
                "enabled": false
              }
            ],
            "ephemeral_block_device": [],
            "get_password_data": false,
            "hibernation": false,
            "host_id": "",
            "host_resource_group_arn": null,
            "iam_instance_profile": "",
            "id": "i-02f978d794c02672e",
            "instance_initiated_shutdown_behavior": "stop",
            "instance_state": "running",
            "instance_type": "t3.medium",
            "ipv6_address_count": 0,
            "ipv6_addresses": [],
            "key_name": "PACUJPEU1-key",
            "launch_template": [],
            "maintenance_options": [
              {
                "auto_recovery": "default"
              }
            ],
            "metadata_options": [
              {
                "http_endpoint": "enabled",
                "http_put_response_hop_limit": 1,
                "http_tokens": "optional",
                "instance_metadata_tags": "disabled"
              }
            ],
            "monitoring": false,
            "network_interface": [],
            "outpost_arn": "",
            "password_data": "",
            "placement_group": "",
            "placement_partition_number": 0,
            "primary_network_interface_id": "eni-000beb4f2f1f3a1cc",
            "private_dns": "ip-10-0-3-22.eu-west-3.compute.internal",
            "private_dns_name_options": [
              {
                "enable_resource_name_dns_a_record": false,
                "enable_resource_name_dns_aaaa_record": false,
                "hostname_type": "ip-name"
              }
            ],
            "private_ip": "10.0.3.22",
            "public_dns": "",
            "public_ip": "",
            "root_block_device": [
              {
                "delete_on_termination": true,
                "device_name": "/dev/sda1",
                "encrypted": false,
                "iops": 100,
                "kms_key_id": "",
                "tags": {},
                "throughput": 0,
                "volume_id": "vol-0d5bc00dbd989f86e",
                "volume_size": 8,
                "volume_type": "gp2"
              }
            ],
            "secondary_private_ips": [],
            "security_groups": [],
            "source_dest_check": true,
            "subnet_id": "subnet-0b5cd7d411ade5509",
            "tags": {
              "Name": "Master-Node4"
            },
            "tags_all": {
              "Name": "Master-Node4"
            },
            "tenancy": "default",
            "timeouts": null,
            "user_data": null,
            "user_data_base64": null,
            "user_data_replace_on_change": false,
            "volume_tags": null,
            "vpc_security_group_ids": [
              "sg-08e26415fb30f678e"
            ]
          },
          "sensitive_attributes": [],
          "private": "eyJlMmJmYjczMC1lY2FhLTExZTYtOGY4OC0zNDM2M2JjN2M0YzAiOnsiY3JlYXRlIjo2MDAwMDAwMDAwMDAsImRlbGV0ZSI6MTIwMDAwMDAwMDAwMCwidXBkYXRlIjo2MDAwMDAwMDAwMDB9LCJzY2hlbWFfdmVyc2lvbiI6IjEifQ==",
          "dependencies": [
            "module.keypair.aws_key_pair.PACUJPEU1-keypair",
            "module.security-group.aws_security_group.PACUJPEU1_mas_work_sg",
            "module.vpc.aws_subnet.PACUJPEU1-PrvtSub01",
            "module.vpc.aws_vpc.PACUJPEU1-vpc"
          ]
        },
        {
          "index_key": 5,
          "schema_version": 1,
          "attributes": {
            "ami": "ami-05e8e219ac7e82eba",
            "arn": "arn:aws:ec2:eu-west-3:739980000921:instance/i-05636e269817ba451",
            "associate_public_ip_address": false,
            "availability_zone": "eu-west-3a",
            "capacity_reservation_specification": [
              {
                "capacity_reservation_preference": "open",
                "capacity_reservation_target": []
              }
            ],
            "cpu_core_count": 1,
            "cpu_threads_per_core": 2,
            "credit_specification": [
              {
                "cpu_credits": "unlimited"
              }
            ],
            "disable_api_stop": false,
            "disable_api_termination": false,
            "ebs_block_device": [],
            "ebs_optimized": false,
            "enclave_options": [
              {
                "enabled": false
              }
            ],
            "ephemeral_block_device": [],
            "get_password_data": false,
            "hibernation": false,
            "host_id": "",
            "host_resource_group_arn": null,
            "iam_instance_profile": "",
            "id": "i-05636e269817ba451",
            "instance_initiated_shutdown_behavior": "stop",
            "instance_state": "running",
            "instance_type": "t3.medium",
            "ipv6_address_count": 0,
            "ipv6_addresses": [],
            "key_name": "PACUJPEU1-key",
            "launch_template": [],
            "maintenance_options": [
              {
                "auto_recovery": "default"
              }
            ],
            "metadata_options": [
              {
                "http_endpoint": "enabled",
                "http_put_response_hop_limit": 1,
                "http_tokens": "optional",
                "instance_metadata_tags": "disabled"
              }
            ],
            "monitoring": false,
            "network_interface": [],
            "outpost_arn": "",
            "password_data": "",
            "placement_group": "",
            "placement_partition_number": 0,
            "primary_network_interface_id": "eni-0fa9f852115443f72",
            "private_dns": "ip-10-0-3-8.eu-west-3.compute.internal",
            "private_dns_name_options": [
              {
                "enable_resource_name_dns_a_record": false,
                "enable_resource_name_dns_aaaa_record": false,
                "hostname_type": "ip-name"
              }
            ],
            "private_ip": "10.0.3.8",
            "public_dns": "",
            "public_ip": "",
            "root_block_device": [
              {
                "delete_on_termination": true,
                "device_name": "/dev/sda1",
                "encrypted": false,
                "iops": 100,
                "kms_key_id": "",
                "tags": {},
                "throughput": 0,
                "volume_id": "vol-09369b5c67e16e2d8",
                "volume_size": 8,
                "volume_type": "gp2"
              }
            ],
            "secondary_private_ips": [],
            "security_groups": [],
            "source_dest_check": true,
            "subnet_id": "subnet-0b5cd7d411ade5509",
            "tags": {
              "Name": "Master-Node5"
            },
            "tags_all": {
              "Name": "Master-Node5"
            },
            "tenancy": "default",
            "timeouts": null,
            "user_data": null,
            "user_data_base64": null,
            "user_data_replace_on_change": false,
            "volume_tags": null,
            "vpc_security_group_ids": [
              "sg-08e26415fb30f678e"
            ]
          },
          "sensitive_attributes": [],
          "private": "eyJlMmJmYjczMC1lY2FhLTExZTYtOGY4OC0zNDM2M2JjN2M0YzAiOnsiY3JlYXRlIjo2MDAwMDAwMDAwMDAsImRlbGV0ZSI6MTIwMDAwMDAwMDAwMCwidXBkYXRlIjo2MDAwMDAwMDAwMDB9LCJzY2hlbWFfdmVyc2lvbiI6IjEifQ==",
          "dependencies": [
            "module.keypair.aws_key_pair.PACUJPEU1-keypair",
            "module.security-group.aws_security_group.PACUJPEU1_mas_work_sg",
            "module.vpc.aws_subnet.PACUJPEU1-PrvtSub01",
            "module.vpc.aws_vpc.PACUJPEU1-vpc"
          ]
        }
      ]
    },
    {
      "module": "module.Worker-Node",
      "mode": "managed",
      "type": "aws_instance",
      "name": "PACUJPEU1_worker-node",
      "provider": "provider[\"registry.terraform.io/hashicorp/aws\"]",
      "instances": [
        {
          "index_key": 0,
          "schema_version": 1,
          "attributes": {
            "ami": "ami-05e8e219ac7e82eba",
            "arn": "arn:aws:ec2:eu-west-3:739980000921:instance/i-0bfe8c76d1ef92711",
            "associate_public_ip_address": false,
            "availability_zone": "eu-west-3a",
            "capacity_reservation_specification": [
              {
                "capacity_reservation_preference": "open",
                "capacity_reservation_target": []
              }
            ],
            "cpu_core_count": 1,
            "cpu_threads_per_core": 2,
            "credit_specification": [
              {
                "cpu_credits": "unlimited"
              }
            ],
            "disable_api_stop": false,
            "disable_api_termination": false,
            "ebs_block_device": [],
            "ebs_optimized": false,
            "enclave_options": [
              {
                "enabled": false
              }
            ],
            "ephemeral_block_device": [],
            "get_password_data": false,
            "hibernation": false,
            "host_id": "",
            "host_resource_group_arn": null,
            "iam_instance_profile": "",
            "id": "i-0bfe8c76d1ef92711",
            "instance_initiated_shutdown_behavior": "stop",
            "instance_state": "running",
            "instance_type": "t3.medium",
            "ipv6_address_count": 0,
            "ipv6_addresses": [],
            "key_name": "PACUJPEU1-key",
            "launch_template": [],
            "maintenance_options": [
              {
                "auto_recovery": "default"
              }
            ],
            "metadata_options": [
              {
                "http_endpoint": "enabled",
                "http_put_response_hop_limit": 1,
                "http_tokens": "optional",
                "instance_metadata_tags": "disabled"
              }
            ],
            "monitoring": false,
            "network_interface": [],
            "outpost_arn": "",
            "password_data": "",
            "placement_group": "",
            "placement_partition_number": 0,
            "primary_network_interface_id": "eni-0c9e1a62b0ec2c6eb",
            "private_dns": "ip-10-0-3-116.eu-west-3.compute.internal",
            "private_dns_name_options": [
              {
                "enable_resource_name_dns_a_record": false,
                "enable_resource_name_dns_aaaa_record": false,
                "hostname_type": "ip-name"
              }
            ],
            "private_ip": "10.0.3.116",
            "public_dns": "",
            "public_ip": "",
            "root_block_device": [
              {
                "delete_on_termination": true,
                "device_name": "/dev/sda1",
                "encrypted": false,
                "iops": 100,
                "kms_key_id": "",
                "tags": {},
                "throughput": 0,
                "volume_id": "vol-05653514934cd7780",
                "volume_size": 8,
                "volume_type": "gp2"
              }
            ],
            "secondary_private_ips": [],
            "security_groups": [],
            "source_dest_check": true,
            "subnet_id": "subnet-0b5cd7d411ade5509",
            "tags": {
              "Name": "worker-node0"
            },
            "tags_all": {
              "Name": "worker-node0"
            },
            "tenancy": "default",
            "timeouts": null,
            "user_data": null,
            "user_data_base64": null,
            "user_data_replace_on_change": false,
            "volume_tags": null,
            "vpc_security_group_ids": [
              "sg-08e26415fb30f678e"
            ]
          },
          "sensitive_attributes": [],
          "private": "eyJlMmJmYjczMC1lY2FhLTExZTYtOGY4OC0zNDM2M2JjN2M0YzAiOnsiY3JlYXRlIjo2MDAwMDAwMDAwMDAsImRlbGV0ZSI6MTIwMDAwMDAwMDAwMCwidXBkYXRlIjo2MDAwMDAwMDAwMDB9LCJzY2hlbWFfdmVyc2lvbiI6IjEifQ==",
          "dependencies": [
            "module.keypair.aws_key_pair.PACUJPEU1-keypair",
            "module.security-group.aws_security_group.PACUJPEU1_mas_work_sg",
            "module.vpc.aws_subnet.PACUJPEU1-PrvtSub01",
            "module.vpc.aws_vpc.PACUJPEU1-vpc"
          ]
        },
        {
          "index_key": 1,
          "schema_version": 1,
          "attributes": {
            "ami": "ami-05e8e219ac7e82eba",
            "arn": "arn:aws:ec2:eu-west-3:739980000921:instance/i-06f2c028e979580dd",
            "associate_public_ip_address": false,
            "availability_zone": "eu-west-3a",
            "capacity_reservation_specification": [
              {
                "capacity_reservation_preference": "open",
                "capacity_reservation_target": []
              }
            ],
            "cpu_core_count": 1,
            "cpu_threads_per_core": 2,
            "credit_specification": [
              {
                "cpu_credits": "unlimited"
              }
            ],
            "disable_api_stop": false,
            "disable_api_termination": false,
            "ebs_block_device": [],
            "ebs_optimized": false,
            "enclave_options": [
              {
                "enabled": false
              }
            ],
            "ephemeral_block_device": [],
            "get_password_data": false,
            "hibernation": false,
            "host_id": "",
            "host_resource_group_arn": null,
            "iam_instance_profile": "",
            "id": "i-06f2c028e979580dd",
            "instance_initiated_shutdown_behavior": "stop",
            "instance_state": "running",
            "instance_type": "t3.medium",
            "ipv6_address_count": 0,
            "ipv6_addresses": [],
            "key_name": "PACUJPEU1-key",
            "launch_template": [],
            "maintenance_options": [
              {
                "auto_recovery": "default"
              }
            ],
            "metadata_options": [
              {
                "http_endpoint": "enabled",
                "http_put_response_hop_limit": 1,
                "http_tokens": "optional",
                "instance_metadata_tags": "disabled"
              }
            ],
            "monitoring": false,
            "network_interface": [],
            "outpost_arn": "",
            "password_data": "",
            "placement_group": "",
            "placement_partition_number": 0,
            "primary_network_interface_id": "eni-087918fe247fb9d1b",
            "private_dns": "ip-10-0-3-140.eu-west-3.compute.internal",
            "private_dns_name_options": [
              {
                "enable_resource_name_dns_a_record": false,
                "enable_resource_name_dns_aaaa_record": false,
                "hostname_type": "ip-name"
              }
            ],
            "private_ip": "10.0.3.140",
            "public_dns": "",
            "public_ip": "",
            "root_block_device": [
              {
                "delete_on_termination": true,
                "device_name": "/dev/sda1",
                "encrypted": false,
                "iops": 100,
                "kms_key_id": "",
                "tags": {},
                "throughput": 0,
                "volume_id": "vol-0440f97f23bab7137",
                "volume_size": 8,
                "volume_type": "gp2"
              }
            ],
            "secondary_private_ips": [],
            "security_groups": [],
            "source_dest_check": true,
            "subnet_id": "subnet-0b5cd7d411ade5509",
            "tags": {
              "Name": "worker-node1"
            },
            "tags_all": {
              "Name": "worker-node1"
            },
            "tenancy": "default",
            "timeouts": null,
            "user_data": null,
            "user_data_base64": null,
            "user_data_replace_on_change": false,
            "volume_tags": null,
            "vpc_security_group_ids": [
              "sg-08e26415fb30f678e"
            ]
          },
          "sensitive_attributes": [],
          "private": "eyJlMmJmYjczMC1lY2FhLTExZTYtOGY4OC0zNDM2M2JjN2M0YzAiOnsiY3JlYXRlIjo2MDAwMDAwMDAwMDAsImRlbGV0ZSI6MTIwMDAwMDAwMDAwMCwidXBkYXRlIjo2MDAwMDAwMDAwMDB9LCJzY2hlbWFfdmVyc2lvbiI6IjEifQ==",
          "dependencies": [
            "module.keypair.aws_key_pair.PACUJPEU1-keypair",
            "module.security-group.aws_security_group.PACUJPEU1_mas_work_sg",
            "module.vpc.aws_subnet.PACUJPEU1-PrvtSub01",
            "module.vpc.aws_vpc.PACUJPEU1-vpc"
          ]
        }
      ]
    },
    {
      "module": "module.ansible",
      "mode": "managed",
      "type": "aws_instance",
      "name": "PACUJPEU1_ansible",
      "provider": "provider[\"registry.terraform.io/hashicorp/aws\"]",
      "instances": [
        {
          "schema_version": 1,
          "attributes": {
            "ami": "ami-05e8e219ac7e82eba",
            "arn": "arn:aws:ec2:eu-west-3:739980000921:instance/i-023a6ec9e442c3e8e",
            "associate_public_ip_address": false,
            "availability_zone": "eu-west-3a",
            "capacity_reservation_specification": [
              {
                "capacity_reservation_preference": "open",
                "capacity_reservation_target": []
              }
            ],
            "cpu_core_count": 1,
            "cpu_threads_per_core": 2,
            "credit_specification": [
              {
                "cpu_credits": "unlimited"
              }
            ],
            "disable_api_stop": false,
            "disable_api_termination": false,
            "ebs_block_device": [],
            "ebs_optimized": false,
            "enclave_options": [
              {
                "enabled": false
              }
            ],
            "ephemeral_block_device": [],
            "get_password_data": false,
            "hibernation": false,
            "host_id": "",
            "host_resource_group_arn": null,
            "iam_instance_profile": "ec2_profile6",
            "id": "i-023a6ec9e442c3e8e",
            "instance_initiated_shutdown_behavior": "stop",
            "instance_state": "running",
            "instance_type": "t3.medium",
            "ipv6_address_count": 0,
            "ipv6_addresses": [],
            "key_name": "PACUJPEU1-key",
            "launch_template": [],
            "maintenance_options": [
              {
                "auto_recovery": "default"
              }
            ],
            "metadata_options": [
              {
                "http_endpoint": "enabled",
                "http_put_response_hop_limit": 1,
                "http_tokens": "optional",
                "instance_metadata_tags": "disabled"
              }
            ],
            "monitoring": false,
            "network_interface": [],
            "outpost_arn": "",
            "password_data": "",
            "placement_group": "",
            "placement_partition_number": 0,
            "primary_network_interface_id": "eni-012398f8f4dc956d6",
            "private_dns": "ip-10-0-3-157.eu-west-3.compute.internal",
            "private_dns_name_options": [
              {
                "enable_resource_name_dns_a_record": false,
                "enable_resource_name_dns_aaaa_record": false,
                "hostname_type": "ip-name"
              }
            ],
            "private_ip": "10.0.3.157",
            "public_dns": "",
            "public_ip": "",
            "root_block_device": [
              {
                "delete_on_termination": true,
                "device_name": "/dev/sda1",
                "encrypted": false,
                "iops": 100,
                "kms_key_id": "",
                "tags": {},
                "throughput": 0,
                "volume_id": "vol-01b84cc6f3086cbc0",
                "volume_size": 8,
                "volume_type": "gp2"
              }
            ],
            "secondary_private_ips": [],
            "security_groups": [],
            "source_dest_check": true,
            "subnet_id": "subnet-0b5cd7d411ade5509",
            "tags": {
              "Name": "PACUJPEU1-ansible"
            },
            "tags_all": {
              "Name": "PACUJPEU1-ansible"
            },
            "tenancy": "default",
            "timeouts": null,
            "user_data": "519bff2ae088f237e75458db563a6e56921acd38",
            "user_data_base64": null,
            "user_data_replace_on_change": false,
            "volume_tags": null,
            "vpc_security_group_ids": [
              "sg-08e26415fb30f678e"
            ]
          },
          "sensitive_attributes": [],
          "private": "eyJlMmJmYjczMC1lY2FhLTExZTYtOGY4OC0zNDM2M2JjN2M0YzAiOnsiY3JlYXRlIjo2MDAwMDAwMDAwMDAsImRlbGV0ZSI6MTIwMDAwMDAwMDAwMCwidXBkYXRlIjo2MDAwMDAwMDAwMDB9LCJzY2hlbWFfdmVyc2lvbiI6IjEifQ==",
          "dependencies": [
            "module.HAProxy_backup.aws_instance.PACUJPEU1_HAProxy_backup",
            "module.HAproxy-Prod.aws_instance.PACUJPEU1_HAProxy1",
            "module.HAproxy-stage.aws_instance.PACUJPEU1_HAProxy2",
            "module.Master-Node.aws_instance.PACUJPEU1_master-node",
            "module.Worker-Node.aws_instance.PACUJPEU1_worker-node",
            "module.iam.aws_iam_instance_profile.ec2_profile",
            "module.iam.aws_iam_role.ec2_role",
            "module.keypair.aws_key_pair.PACUJPEU1-keypair",
            "module.security-group.aws_security_group.PACUJPEU1_mas_work_sg",
            "module.stage-HAProxy_backup.aws_instance.PACUJPEU1_HAProxy_stg-backup",
            "module.vpc.aws_subnet.PACUJPEU1-PrvtSub01",
            "module.vpc.aws_subnet.PACUJPEU1-PrvtSub02",
            "module.vpc.aws_vpc.PACUJPEU1-vpc"
          ]
        }
      ]
    },
    {
      "module": "module.aws-acm",
      "mode": "data",
      "type": "aws_route53_zone",
      "name": "pacujeu1_zone",
      "provider": "provider[\"registry.terraform.io/hashicorp/aws\"]",
      "instances": [
        {
          "schema_version": 0,
          "attributes": {
            "arn": "arn:aws:route53:::hostedzone/Z0165489EHSQTZNB0POW",
            "caller_reference": "bcca9fcc-59ee-4430-b1d8-6373ae41cb29",
            "comment": "",
            "id": "Z0165489EHSQTZNB0POW",
            "linked_service_description": null,
            "linked_service_principal": null,
            "name": "funmibideji-cloud.link",
            "name_servers": [
              "ns-1905.awsdns-46.co.uk",
              "ns-372.awsdns-46.com",
              "ns-609.awsdns-12.net",
              "ns-1477.awsdns-56.org"
            ],
            "primary_name_server": "ns-1905.awsdns-46.co.uk",
            "private_zone": false,
            "resource_record_set_count": 2,
            "tags": {},
            "vpc_id": null,
            "zone_id": "Z0165489EHSQTZNB0POW"
          },
          "sensitive_attributes": []
        }
      ]
    },
    {
      "module": "module.aws-acm",
      "mode": "managed",
      "type": "aws_acm_certificate",
      "name": "pacujeu1-certificate",
      "provider": "provider[\"registry.terraform.io/hashicorp/aws\"]",
      "instances": [
        {
          "schema_version": 0,
          "attributes": {
            "arn": "arn:aws:acm:eu-west-3:739980000921:certificate/1be6adb2-a04b-4744-8e8c-7748d423d50f",
            "certificate_authority_arn": "",
            "certificate_body": null,
            "certificate_chain": null,
            "domain_name": "funmibideji-cloud.link",
            "domain_validation_options": [
              {
                "domain_name": "funmibideji-cloud.link",
                "resource_record_name": "_dd55864920d521bcc368a2ad68f484eb.funmibideji-cloud.link.",
                "resource_record_type": "CNAME",
                "resource_record_value": "_a8094a256872dcff8c2714f9130a3ac5.dbspspvlns.acm-validations.aws."
              }
            ],
            "early_renewal_duration": "",
            "id": "arn:aws:acm:eu-west-3:739980000921:certificate/1be6adb2-a04b-4744-8e8c-7748d423d50f",
            "key_algorithm": "RSA_2048",
            "not_after": "",
            "not_before": "",
            "options": [
              {
                "certificate_transparency_logging_preference": "ENABLED"
              }
            ],
            "pending_renewal": false,
            "private_key": null,
            "renewal_eligibility": "INELIGIBLE",
            "renewal_summary": [],
            "status": "PENDING_VALIDATION",
            "subject_alternative_names": [
              "funmibideji-cloud.link"
            ],
            "tags": null,
            "tags_all": {},
            "type": "AMAZON_ISSUED",
            "validation_emails": [],
            "validation_method": "DNS",
            "validation_option": []
          },
          "sensitive_attributes": [],
          "private": "bnVsbA==",
          "create_before_destroy": true
        }
      ]
    },
    {
      "module": "module.aws-acm",
      "mode": "managed",
      "type": "aws_acm_certificate_validation",
      "name": "pacujeu1-cert-validation",
      "provider": "provider[\"registry.terraform.io/hashicorp/aws\"]",
      "instances": [
        {
          "schema_version": 0,
          "attributes": {
            "certificate_arn": "arn:aws:acm:eu-west-3:739980000921:certificate/1be6adb2-a04b-4744-8e8c-7748d423d50f",
            "id": "2023-04-30 20:23:23.275 +0000 UTC",
            "timeouts": null,
            "validation_record_fqdns": [
              "_dd55864920d521bcc368a2ad68f484eb.funmibideji-cloud.link"
            ]
          },
          "sensitive_attributes": [],
          "private": "eyJlMmJmYjczMC1lY2FhLTExZTYtOGY4OC0zNDM2M2JjN2M0YzAiOnsiY3JlYXRlIjo0NTAwMDAwMDAwMDAwfX0=",
          "dependencies": [
            "module.aws-acm.aws_acm_certificate.pacujeu1-certificate",
            "module.aws-acm.aws_route53_record.pacujeu1-validation-record",
            "module.aws-acm.data.aws_route53_zone.pacujeu1_zone"
          ]
        }
      ]
    },
    {
      "module": "module.aws-acm",
      "mode": "managed",
      "type": "aws_lb_listener",
      "name": "lb-listener",
      "provider": "provider[\"registry.terraform.io/hashicorp/aws\"]",
      "instances": [
        {
          "schema_version": 0,
          "attributes": {
            "alpn_policy": null,
            "arn": "arn:aws:elasticloadbalancing:eu-west-3:739980000921:listener/app/prod-LoadBalancer/9b7740847a7fccbb/9e1b9c584dd3745e",
            "certificate_arn": "arn:aws:acm:eu-west-3:739980000921:certificate/1be6adb2-a04b-4744-8e8c-7748d423d50f",
            "default_action": [
              {
                "authenticate_cognito": [],
                "authenticate_oidc": [],
                "fixed_response": [],
                "forward": [],
                "order": 1,
                "redirect": [],
                "target_group_arn": "arn:aws:elasticloadbalancing:eu-west-3:739980000921:targetgroup/prod-TargetGrp/ed731d8b0feec7dc",
                "type": "forward"
              }
            ],
            "id": "arn:aws:elasticloadbalancing:eu-west-3:739980000921:listener/app/prod-LoadBalancer/9b7740847a7fccbb/9e1b9c584dd3745e",
            "load_balancer_arn": "arn:aws:elasticloadbalancing:eu-west-3:739980000921:loadbalancer/app/prod-LoadBalancer/9b7740847a7fccbb",
            "port": 443,
            "protocol": "HTTPS",
            "ssl_policy": "ELBSecurityPolicy-2016-08",
            "tags": null,
            "tags_all": {},
            "timeouts": null
          },
          "sensitive_attributes": [],
          "private": "eyJlMmJmYjczMC1lY2FhLTExZTYtOGY4OC0zNDM2M2JjN2M0YzAiOnsicmVhZCI6NjAwMDAwMDAwMDAwfX0=",
          "dependencies": [
            "module.aws-acm.aws_acm_certificate.pacujeu1-certificate",
            "module.aws-acm.aws_acm_certificate_validation.pacujeu1-cert-validation",
            "module.aws-acm.aws_route53_record.pacujeu1-validation-record",
            "module.aws-acm.data.aws_route53_zone.pacujeu1_zone",
            "module.prod-lb.aws_lb.prod-lb",
            "module.prod-lb.aws_lb_target_group.prod-target_grp",
            "module.security-group.aws_security_group.PACUJPEU1_mas_work_sg",
            "module.vpc.aws_subnet.PACUJPEU1-PubSub01",
            "module.vpc.aws_subnet.PACUJPEU1-PubSub02",
            "module.vpc.aws_vpc.PACUJPEU1-vpc"
          ]
        }
      ]
    },
    {
      "module": "module.aws-acm",
      "mode": "managed",
      "type": "aws_route53_record",
      "name": "pacujeu1-validation-record",
      "provider": "provider[\"registry.terraform.io/hashicorp/aws\"]",
      "instances": [
        {
          "index_key": "funmibideji-cloud.link",
          "schema_version": 2,
          "attributes": {
            "alias": [],
            "allow_overwrite": true,
            "cidr_routing_policy": [],
            "failover_routing_policy": [],
            "fqdn": "_dd55864920d521bcc368a2ad68f484eb.funmibideji-cloud.link",
            "geolocation_routing_policy": [],
            "health_check_id": "",
            "id": "Z0165489EHSQTZNB0POW__dd55864920d521bcc368a2ad68f484eb.funmibideji-cloud.link._CNAME",
            "latency_routing_policy": [],
            "multivalue_answer_routing_policy": false,
            "name": "_dd55864920d521bcc368a2ad68f484eb.funmibideji-cloud.link",
            "records": [
              "_a8094a256872dcff8c2714f9130a3ac5.dbspspvlns.acm-validations.aws."
            ],
            "set_identifier": "",
            "ttl": 60,
            "type": "CNAME",
            "weighted_routing_policy": [],
            "zone_id": "Z0165489EHSQTZNB0POW"
          },
          "sensitive_attributes": [],
          "private": "eyJzY2hlbWFfdmVyc2lvbiI6IjIifQ==",
          "dependencies": [
            "module.aws-acm.aws_acm_certificate.pacujeu1-certificate",
            "module.aws-acm.data.aws_route53_zone.pacujeu1_zone"
          ]
        }
      ]
    },
    {
      "module": "module.bastion",
      "mode": "managed",
      "type": "aws_instance",
      "name": "PACUJPEU1_Bastion",
      "provider": "provider[\"registry.terraform.io/hashicorp/aws\"]",
      "instances": [
        {
          "schema_version": 1,
          "attributes": {
            "ami": "ami-05e8e219ac7e82eba",
            "arn": "arn:aws:ec2:eu-west-3:739980000921:instance/i-014b6f51e93816545",
            "associate_public_ip_address": true,
            "availability_zone": "eu-west-3a",
            "capacity_reservation_specification": [
              {
                "capacity_reservation_preference": "open",
                "capacity_reservation_target": []
              }
            ],
            "cpu_core_count": 1,
            "cpu_threads_per_core": 2,
            "credit_specification": [
              {
                "cpu_credits": "unlimited"
              }
            ],
            "disable_api_stop": false,
            "disable_api_termination": false,
            "ebs_block_device": [],
            "ebs_optimized": false,
            "enclave_options": [
              {
                "enabled": false
              }
            ],
            "ephemeral_block_device": [],
            "get_password_data": false,
            "hibernation": false,
            "host_id": "",
            "host_resource_group_arn": null,
            "iam_instance_profile": "",
            "id": "i-014b6f51e93816545",
            "instance_initiated_shutdown_behavior": "stop",
            "instance_state": "running",
            "instance_type": "t3.medium",
            "ipv6_address_count": 0,
            "ipv6_addresses": [],
            "key_name": "PACUJPEU1-key",
            "launch_template": [],
            "maintenance_options": [
              {
                "auto_recovery": "default"
              }
            ],
            "metadata_options": [
              {
                "http_endpoint": "enabled",
                "http_put_response_hop_limit": 1,
                "http_tokens": "optional",
                "instance_metadata_tags": "disabled"
              }
            ],
            "monitoring": false,
            "network_interface": [],
            "outpost_arn": "",
            "password_data": "",
            "placement_group": "",
            "placement_partition_number": 0,
            "primary_network_interface_id": "eni-06f2796b657e69daa",
            "private_dns": "ip-10-0-1-183.eu-west-3.compute.internal",
            "private_dns_name_options": [
              {
                "enable_resource_name_dns_a_record": false,
                "enable_resource_name_dns_aaaa_record": false,
                "hostname_type": "ip-name"
              }
            ],
            "private_ip": "10.0.1.183",
            "public_dns": "",
            "public_ip": "13.38.83.228",
            "root_block_device": [
              {
                "delete_on_termination": true,
                "device_name": "/dev/sda1",
                "encrypted": false,
                "iops": 100,
                "kms_key_id": "",
                "tags": {},
                "throughput": 0,
                "volume_id": "vol-04fe441aa46717633",
                "volume_size": 8,
                "volume_type": "gp2"
              }
            ],
            "secondary_private_ips": [],
            "security_groups": [],
            "source_dest_check": true,
            "subnet_id": "subnet-06b9b390535918373",
            "tags": {
              "Name": "PACUJPEU1-Bastion"
            },
            "tags_all": {
              "Name": "PACUJPEU1-Bastion"
            },
            "tenancy": "default",
            "timeouts": null,
            "user_data": "acc163130fca6779be364ef53fa6ef6ba08bf6be",
            "user_data_base64": null,
            "user_data_replace_on_change": false,
            "volume_tags": null,
            "vpc_security_group_ids": [
              "sg-020c1430c66583e44"
            ]
          },
          "sensitive_attributes": [],
          "private": "eyJlMmJmYjczMC1lY2FhLTExZTYtOGY4OC0zNDM2M2JjN2M0YzAiOnsiY3JlYXRlIjo2MDAwMDAwMDAwMDAsImRlbGV0ZSI6MTIwMDAwMDAwMDAwMCwidXBkYXRlIjo2MDAwMDAwMDAwMDB9LCJzY2hlbWFfdmVyc2lvbiI6IjEifQ==",
          "dependencies": [
            "module.keypair.aws_key_pair.PACUJPEU1-keypair",
            "module.security-group.aws_security_group.PACUJPEU1-Bastion-Ansible-SG",
            "module.vpc.aws_subnet.PACUJPEU1-PubSub01",
            "module.vpc.aws_vpc.PACUJPEU1-vpc"
          ]
        }
      ]
    },
    {
      "module": "module.continous-testing",
      "mode": "managed",
      "type": "aws_instance",
      "name": "PACUJPEU1_continous-testing",
      "provider": "provider[\"registry.terraform.io/hashicorp/aws\"]",
      "instances": [
        {
          "schema_version": 1,
          "attributes": {
            "ami": "ami-01daacddaafcdd876",
            "arn": "arn:aws:ec2:eu-west-3:739980000921:instance/i-018235e6c8de08b79",
            "associate_public_ip_address": false,
            "availability_zone": "eu-west-3a",
            "capacity_reservation_specification": [
              {
                "capacity_reservation_preference": "open",
                "capacity_reservation_target": []
              }
            ],
            "cpu_core_count": 1,
            "cpu_threads_per_core": 2,
            "credit_specification": [
              {
                "cpu_credits": "unlimited"
              }
            ],
            "disable_api_stop": false,
            "disable_api_termination": false,
            "ebs_block_device": [],
            "ebs_optimized": false,
            "enclave_options": [
              {
                "enabled": false
              }
            ],
            "ephemeral_block_device": [],
            "get_password_data": false,
            "hibernation": false,
            "host_id": "",
            "host_resource_group_arn": null,
            "iam_instance_profile": "",
            "id": "i-018235e6c8de08b79",
            "instance_initiated_shutdown_behavior": "stop",
            "instance_state": "running",
            "instance_type": "t3.medium",
            "ipv6_address_count": 0,
            "ipv6_addresses": [],
            "key_name": "PACUJPEU1-key",
            "launch_template": [],
            "maintenance_options": [
              {
                "auto_recovery": "default"
              }
            ],
            "metadata_options": [
              {
                "http_endpoint": "enabled",
                "http_put_response_hop_limit": 1,
                "http_tokens": "optional",
                "instance_metadata_tags": "disabled"
              }
            ],
            "monitoring": false,
            "network_interface": [],
            "outpost_arn": "",
            "password_data": "",
            "placement_group": "",
            "placement_partition_number": 0,
            "primary_network_interface_id": "eni-0225ee89270ffbf31",
            "private_dns": "ip-10-0-3-119.eu-west-3.compute.internal",
            "private_dns_name_options": [
              {
                "enable_resource_name_dns_a_record": false,
                "enable_resource_name_dns_aaaa_record": false,
                "hostname_type": "ip-name"
              }
            ],
            "private_ip": "10.0.3.119",
            "public_dns": "",
            "public_ip": "",
            "root_block_device": [
              {
                "delete_on_termination": true,
                "device_name": "/dev/sda1",
                "encrypted": false,
                "iops": 100,
                "kms_key_id": "",
                "tags": {},
                "throughput": 0,
                "volume_id": "vol-0c42e0b06f2ffb6d9",
                "volume_size": 10,
                "volume_type": "gp2"
              }
            ],
            "secondary_private_ips": [],
            "security_groups": [],
            "source_dest_check": true,
            "subnet_id": "subnet-0b5cd7d411ade5509",
            "tags": {
              "Name": "PACUJPEU1-continous-testing"
            },
            "tags_all": {
              "Name": "PACUJPEU1-continous-testing"
            },
            "tenancy": "default",
            "timeouts": null,
            "user_data": "57042a40eb962a7257cb8015a0f2b297dc2768ad",
            "user_data_base64": null,
            "user_data_replace_on_change": false,
            "volume_tags": null,
            "vpc_security_group_ids": [
              "sg-08e26415fb30f678e"
            ]
          },
          "sensitive_attributes": [],
          "private": "eyJlMmJmYjczMC1lY2FhLTExZTYtOGY4OC0zNDM2M2JjN2M0YzAiOnsiY3JlYXRlIjo2MDAwMDAwMDAwMDAsImRlbGV0ZSI6MTIwMDAwMDAwMDAwMCwidXBkYXRlIjo2MDAwMDAwMDAwMDB9LCJzY2hlbWFfdmVyc2lvbiI6IjEifQ==",
          "dependencies": [
            "module.keypair.aws_key_pair.PACUJPEU1-keypair",
            "module.security-group.aws_security_group.PACUJPEU1_mas_work_sg",
            "module.vpc.aws_subnet.PACUJPEU1-PrvtSub01",
            "module.vpc.aws_vpc.PACUJPEU1-vpc"
          ]
        }
      ]
    },
    {
      "module": "module.grafana_elb",
      "mode": "managed",
      "type": "aws_elb",
      "name": "grafana-lb",
      "provider": "provider[\"registry.terraform.io/hashicorp/aws\"]",
      "instances": [
        {
          "schema_version": 0,
          "attributes": {
            "access_logs": [],
            "arn": "arn:aws:elasticloadbalancing:eu-west-3:739980000921:loadbalancer/grafana-lb",
            "availability_zones": [
              "eu-west-3a",
              "eu-west-3b"
            ],
            "connection_draining": true,
            "connection_draining_timeout": 400,
            "cross_zone_load_balancing": true,
            "desync_mitigation_mode": "defensive",
            "dns_name": "grafana-lb-649128674.eu-west-3.elb.amazonaws.com",
            "health_check": [
              {
                "healthy_threshold": 2,
                "interval": 30,
                "target": "TCP:31300",
                "timeout": 3,
                "unhealthy_threshold": 2
              }
            ],
            "id": "grafana-lb",
            "idle_timeout": 400,
            "instances": [
              "i-0bfe8c76d1ef92711"
            ],
            "internal": false,
            "listener": [
              {
                "instance_port": 31300,
                "instance_protocol": "http",
                "lb_port": 80,
                "lb_protocol": "http",
                "ssl_certificate_id": ""
              }
            ],
            "name": "grafana-lb",
            "name_prefix": null,
            "security_groups": [
              "sg-08e26415fb30f678e"
            ],
            "source_security_group": "739980000921/PACUJPEU1-mas_work_sg",
            "source_security_group_id": "sg-08e26415fb30f678e",
            "subnets": [
              "subnet-06b9b390535918373",
              "subnet-0ac7a2bd1d95e0a0b"
            ],
            "tags": {
              "Name": "grafana-lb"
            },
            "tags_all": {
              "Name": "grafana-lb"
            },
            "zone_id": "Z3Q77PNBQS71R4"
          },
          "sensitive_attributes": [],
          "private": "bnVsbA==",
          "dependencies": [
            "module.Worker-Node.aws_instance.PACUJPEU1_worker-node",
            "module.keypair.aws_key_pair.PACUJPEU1-keypair",
            "module.security-group.aws_security_group.PACUJPEU1_mas_work_sg",
            "module.vpc.aws_subnet.PACUJPEU1-PrvtSub01",
            "module.vpc.aws_subnet.PACUJPEU1-PubSub01",
            "module.vpc.aws_subnet.PACUJPEU1-PubSub02",
            "module.vpc.aws_vpc.PACUJPEU1-vpc"
          ]
        }
      ]
    },
    {
      "module": "module.iam",
      "mode": "managed",
      "type": "aws_iam_instance_profile",
      "name": "ec2_profile",
      "provider": "provider[\"registry.terraform.io/hashicorp/aws\"]",
      "instances": [
        {
          "schema_version": 0,
          "attributes": {
            "arn": "arn:aws:iam::739980000921:instance-profile/ec2_profile6",
            "create_date": "2023-04-30T20:23:02Z",
            "id": "ec2_profile6",
            "name": "ec2_profile6",
            "name_prefix": "",
            "path": "/",
            "role": "ec2_role6",
            "tags": null,
            "tags_all": {},
            "unique_id": "AIPA2YSR6X2MZJZA5URZI"
          },
          "sensitive_attributes": [],
          "private": "bnVsbA==",
          "dependencies": [
            "module.iam.aws_iam_role.ec2_role"
          ]
        }
      ]
    },
    {
      "module": "module.iam",
      "mode": "managed",
      "type": "aws_iam_role",
      "name": "ec2_role",
      "provider": "provider[\"registry.terraform.io/hashicorp/aws\"]",
      "instances": [
        {
          "schema_version": 0,
          "attributes": {
            "arn": "arn:aws:iam::739980000921:role/ec2_role6",
            "assume_role_policy": "{\"Statement\":[{\"Action\":\"sts:AssumeRole\",\"Effect\":\"Allow\",\"Principal\":{\"Service\":\"ec2.amazonaws.com\"},\"Sid\":\"\"}],\"Version\":\"2012-10-17\"}",
            "create_date": "2023-04-30T20:23:02Z",
            "description": "",
            "force_detach_policies": false,
            "id": "ec2_role6",
            "inline_policy": [],
            "managed_policy_arns": [],
            "max_session_duration": 3600,
            "name": "ec2_role6",
            "name_prefix": "",
            "path": "/",
            "permissions_boundary": null,
            "tags": null,
            "tags_all": {},
            "unique_id": "AROA2YSR6X2MUB2U7Q5EG"
          },
          "sensitive_attributes": [],
          "private": "bnVsbA=="
        }
      ]
    },
    {
      "module": "module.iam",
      "mode": "managed",
      "type": "aws_iam_role_policy",
      "name": "ec2_policy",
      "provider": "provider[\"registry.terraform.io/hashicorp/aws\"]",
      "instances": [
        {
          "schema_version": 0,
          "attributes": {
            "id": "ec2_role6:ec2_policy6",
            "name": "ec2_policy6",
            "name_prefix": null,
            "policy": "{\"Version\":\"2012-10-17\",\"Statement\":[{\"Action\":[\"ec2:*\"],\"Effect\":\"Allow\",\"Resource\":\"*\"}]}",
            "role": "ec2_role6"
          },
          "sensitive_attributes": [],
          "private": "bnVsbA==",
          "dependencies": [
            "module.iam.aws_iam_role.ec2_role"
          ]
        }
      ]
    },
    {
      "module": "module.jenkin-elb",
      "mode": "managed",
      "type": "aws_elb",
      "name": "jenkins_elb",
      "provider": "provider[\"registry.terraform.io/hashicorp/aws\"]",
      "instances": [
        {
          "schema_version": 0,
          "attributes": {
            "access_logs": [],
            "arn": "arn:aws:elasticloadbalancing:eu-west-3:739980000921:loadbalancer/jenkins-elb",
            "availability_zones": [
              "eu-west-3a",
              "eu-west-3b"
            ],
            "connection_draining": true,
            "connection_draining_timeout": 400,
            "cross_zone_load_balancing": true,
            "desync_mitigation_mode": "defensive",
            "dns_name": "jenkins-elb-380426918.eu-west-3.elb.amazonaws.com",
            "health_check": [
              {
                "healthy_threshold": 2,
                "interval": 30,
                "target": "TCP:8080",
                "timeout": 3,
                "unhealthy_threshold": 2
              }
            ],
            "id": "jenkins-elb",
            "idle_timeout": 400,
            "instances": [
              "i-09e90277548d45eff"
            ],
            "internal": false,
            "listener": [
              {
                "instance_port": 8080,
                "instance_protocol": "http",
                "lb_port": 80,
                "lb_protocol": "http",
                "ssl_certificate_id": ""
              }
            ],
            "name": "jenkins-elb",
            "name_prefix": null,
            "security_groups": [
              "sg-08e26415fb30f678e"
            ],
            "source_security_group": "739980000921/PACUJPEU1-mas_work_sg",
            "source_security_group_id": "sg-08e26415fb30f678e",
            "subnets": [
              "subnet-06b9b390535918373",
              "subnet-0ac7a2bd1d95e0a0b"
            ],
            "tags": {
              "Name": "jenkins-elb"
            },
            "tags_all": {
              "Name": "jenkins-elb"
            },
            "zone_id": "Z3Q77PNBQS71R4"
          },
          "sensitive_attributes": [],
          "private": "bnVsbA==",
          "dependencies": [
            "module.jenkins.aws_instance.PACUJPEU1_jenkins",
            "module.keypair.aws_key_pair.PACUJPEU1-keypair",
            "module.security-group.aws_security_group.PACUJPEU1-Jenkins-SG",
            "module.security-group.aws_security_group.PACUJPEU1_mas_work_sg",
            "module.vpc.aws_subnet.PACUJPEU1-PrvtSub01",
            "module.vpc.aws_subnet.PACUJPEU1-PubSub01",
            "module.vpc.aws_subnet.PACUJPEU1-PubSub02",
            "module.vpc.aws_vpc.PACUJPEU1-vpc"
          ]
        }
      ]
    },
    {
      "module": "module.jenkins",
      "mode": "managed",
      "type": "aws_instance",
      "name": "PACUJPEU1_jenkins",
      "provider": "provider[\"registry.terraform.io/hashicorp/aws\"]",
      "instances": [
        {
          "schema_version": 1,
          "attributes": {
            "ami": "ami-05e8e219ac7e82eba",
            "arn": "arn:aws:ec2:eu-west-3:739980000921:instance/i-09e90277548d45eff",
            "associate_public_ip_address": false,
            "availability_zone": "eu-west-3a",
            "capacity_reservation_specification": [
              {
                "capacity_reservation_preference": "open",
                "capacity_reservation_target": []
              }
            ],
            "cpu_core_count": 1,
            "cpu_threads_per_core": 2,
            "credit_specification": [
              {
                "cpu_credits": "unlimited"
              }
            ],
            "disable_api_stop": false,
            "disable_api_termination": false,
            "ebs_block_device": [],
            "ebs_optimized": false,
            "enclave_options": [
              {
                "enabled": false
              }
            ],
            "ephemeral_block_device": [],
            "get_password_data": false,
            "hibernation": false,
            "host_id": "",
            "host_resource_group_arn": null,
            "iam_instance_profile": "",
            "id": "i-09e90277548d45eff",
            "instance_initiated_shutdown_behavior": "stop",
            "instance_state": "running",
            "instance_type": "t3.medium",
            "ipv6_address_count": 0,
            "ipv6_addresses": [],
            "key_name": "PACUJPEU1-key",
            "launch_template": [],
            "maintenance_options": [
              {
                "auto_recovery": "default"
              }
            ],
            "metadata_options": [
              {
                "http_endpoint": "enabled",
                "http_put_response_hop_limit": 1,
                "http_tokens": "optional",
                "instance_metadata_tags": "disabled"
              }
            ],
            "monitoring": false,
            "network_interface": [],
            "outpost_arn": "",
            "password_data": "",
            "placement_group": "",
            "placement_partition_number": 0,
            "primary_network_interface_id": "eni-0558a93ea2e1fab16",
            "private_dns": "ip-10-0-3-20.eu-west-3.compute.internal",
            "private_dns_name_options": [
              {
                "enable_resource_name_dns_a_record": false,
                "enable_resource_name_dns_aaaa_record": false,
                "hostname_type": "ip-name"
              }
            ],
            "private_ip": "10.0.3.20",
            "public_dns": "",
            "public_ip": "",
            "root_block_device": [
              {
                "delete_on_termination": true,
                "device_name": "/dev/sda1",
                "encrypted": false,
                "iops": 100,
                "kms_key_id": "",
                "tags": {},
                "throughput": 0,
                "volume_id": "vol-03a0759f615e2da3e",
                "volume_size": 8,
                "volume_type": "gp2"
              }
            ],
            "secondary_private_ips": [],
            "security_groups": [],
            "source_dest_check": true,
            "subnet_id": "subnet-0b5cd7d411ade5509",
            "tags": {
              "Name": "PACUJPEU1-Jenkins"
            },
            "tags_all": {
              "Name": "PACUJPEU1-Jenkins"
            },
            "tenancy": "default",
            "timeouts": null,
            "user_data": "cfcc2d0fbd792fc826abd70e9882a3efaebd184c",
            "user_data_base64": null,
            "user_data_replace_on_change": false,
            "volume_tags": null,
            "vpc_security_group_ids": [
              "sg-045862f05070e7dde"
            ]
          },
          "sensitive_attributes": [],
          "private": "eyJlMmJmYjczMC1lY2FhLTExZTYtOGY4OC0zNDM2M2JjN2M0YzAiOnsiY3JlYXRlIjo2MDAwMDAwMDAwMDAsImRlbGV0ZSI6MTIwMDAwMDAwMDAwMCwidXBkYXRlIjo2MDAwMDAwMDAwMDB9LCJzY2hlbWFfdmVyc2lvbiI6IjEifQ==",
          "dependencies": [
            "module.keypair.aws_key_pair.PACUJPEU1-keypair",
            "module.security-group.aws_security_group.PACUJPEU1-Jenkins-SG",
            "module.vpc.aws_subnet.PACUJPEU1-PrvtSub01",
            "module.vpc.aws_vpc.PACUJPEU1-vpc"
          ]
        }
      ]
    },
    {
      "module": "module.keypair",
      "mode": "managed",
      "type": "aws_key_pair",
      "name": "PACUJPEU1-keypair",
      "provider": "provider[\"registry.terraform.io/hashicorp/aws\"]",
      "instances": [
        {
          "schema_version": 1,
          "attributes": {
            "arn": "arn:aws:ec2:eu-west-3:739980000921:key-pair/PACUJPEU1-key",
            "fingerprint": "2b:5f:59:df:b2:f3:de:4d:9d:54:3a:ef:a6:b8:79:bc",
            "id": "PACUJPEU1-key",
            "key_name": "PACUJPEU1-key",
            "key_name_prefix": "",
            "key_pair_id": "key-07dd02e9cf2611f7f",
            "key_type": "rsa",
            "public_key": "ssh-rsa AAAAB3NzaC1yc2EAAAADAQABAAABgQDiRnXEryWsjIVtHnPxy0Mo+V99u8pvJPvEMxpRZyUtuRf1z9nkOXHOmw2zASzudDU2yEozdkKV7UE7Qq+fMbLE+j2JuO8ADnCq7B5tHipKVjIL8/4wElbfYAjb+hyfMzJ4sqi9W8IAT3FzKtaDlEBuZtPskrVJtsTLhLJ59JhqUnmirb9FkF5T5cacVBH8rcLtVEDTDx9wzLpXP6/7Isw9LSexwjs9GIlztl9iHPllZJZH1K4wl9TOR9mfM4sl4SRjbmcr+i2TTx9PpKG0h0BIevT2DwKbaJcgZU/0ihhLrivLahKDVFCRpWzoCRzZREDMMANnR7zbMO1UoIMfSqX0DgeNMYNnFoBQwZnPqPpQh7OCevvrqDq/dJMkXVTyrOZ0o/X0KyAVQTNME2zYJO2rYt3tRbTUZ5WD8lRlnFO3Fdk7Lo5SggbYm7BRmFLlPbdtpLH7xhnssSZqrYi1pc9gtlT5dqEqymr42MWwbwddbz08Vt+6tx45HX5OyFR/bPc= test@StephenPC",
            "tags": null,
            "tags_all": {}
          },
          "sensitive_attributes": [],
          "private": "eyJzY2hlbWFfdmVyc2lvbiI6IjEifQ=="
        }
      ]
    },
    {
      "module": "module.prod-asg",
      "mode": "managed",
      "type": "aws_ami_from_instance",
      "name": "prod-worker_ami",
      "provider": "provider[\"registry.terraform.io/hashicorp/aws\"]",
      "instances": [
        {
          "schema_version": 0,
          "attributes": {
            "architecture": "x86_64",
            "arn": "arn:aws:ec2:eu-west-3::image/ami-0ce87fea6ba6e383a",
            "boot_mode": "",
            "deprecation_time": "",
            "description": "",
            "ebs_block_device": [
              {
                "delete_on_termination": true,
                "device_name": "/dev/sda1",
                "encrypted": false,
                "iops": 0,
                "outpost_arn": "",
                "snapshot_id": "snap-08aa00138dbe62705",
                "throughput": 0,
                "volume_size": 8,
                "volume_type": "gp2"
              }
            ],
            "ena_support": true,
            "ephemeral_block_device": [
              {
                "device_name": "/dev/sdb",
                "virtual_name": "ephemeral0"
              },
              {
                "device_name": "/dev/sdc",
                "virtual_name": "ephemeral1"
              }
            ],
            "hypervisor": "xen",
            "id": "ami-0ce87fea6ba6e383a",
            "image_location": "739980000921/prod-lc_ami",
            "image_owner_alias": "",
            "image_type": "machine",
            "imds_support": "",
            "kernel_id": "",
            "manage_ebs_snapshots": true,
            "name": "prod-lc_ami",
            "owner_id": "739980000921",
            "platform": "",
            "platform_details": "Linux/UNIX",
            "public": false,
            "ramdisk_id": "",
            "root_device_name": "/dev/sda1",
            "root_snapshot_id": "snap-08aa00138dbe62705",
            "snapshot_without_reboot": null,
            "source_instance_id": "i-0bfe8c76d1ef92711",
            "sriov_net_support": "simple",
            "tags": null,
            "tags_all": {},
            "timeouts": null,
            "tpm_support": "",
            "usage_operation": "RunInstances",
            "virtualization_type": "hvm"
          },
          "sensitive_attributes": [],
          "private": "eyJlMmJmYjczMC1lY2FhLTExZTYtOGY4OC0zNDM2M2JjN2M0YzAiOnsiY3JlYXRlIjoyNDAwMDAwMDAwMDAwLCJkZWxldGUiOjU0MDAwMDAwMDAwMDAsInVwZGF0ZSI6MjQwMDAwMDAwMDAwMH19",
          "dependencies": [
            "module.Worker-Node.aws_instance.PACUJPEU1_worker-node",
            "module.keypair.aws_key_pair.PACUJPEU1-keypair",
            "module.security-group.aws_security_group.PACUJPEU1_mas_work_sg",
            "module.vpc.aws_subnet.PACUJPEU1-PrvtSub01",
            "module.vpc.aws_vpc.PACUJPEU1-vpc"
          ]
        }
      ]
    },
    {
      "module": "module.prod-asg",
      "mode": "managed",
      "type": "aws_autoscaling_group",
      "name": "asg-prod",
      "provider": "provider[\"registry.terraform.io/hashicorp/aws\"]",
      "instances": [
        {
          "schema_version": 0,
          "attributes": {
            "arn": "arn:aws:autoscaling:eu-west-3:739980000921:autoScalingGroup:97824bb7-85a4-4c43-a973-071e40191459:autoScalingGroupName/asg-prod",
            "availability_zones": [
              "eu-west-3a",
              "eu-west-3b"
            ],
            "capacity_rebalance": false,
            "context": "",
            "default_cooldown": 300,
            "default_instance_warmup": 0,
            "desired_capacity": 2,
            "desired_capacity_type": "",
            "enabled_metrics": null,
            "force_delete": true,
            "force_delete_warm_pool": false,
            "health_check_grace_period": 120,
            "health_check_type": "EC2",
            "id": "asg-prod",
            "initial_lifecycle_hook": [],
            "instance_refresh": [],
            "launch_configuration": "prod-lc_config",
            "launch_template": [],
            "load_balancers": null,
            "max_instance_lifetime": 0,
            "max_size": 5,
            "metrics_granularity": "1Minute",
            "min_elb_capacity": null,
            "min_size": 2,
            "mixed_instances_policy": [],
            "name": "asg-prod",
            "name_prefix": "",
            "placement_group": "",
            "protect_from_scale_in": false,
            "service_linked_role_arn": "arn:aws:iam::739980000921:role/aws-service-role/autoscaling.amazonaws.com/AWSServiceRoleForAutoScaling",
            "suspended_processes": null,
            "tag": [
              {
                "key": "Name",
                "propagate_at_launch": true,
                "value": "prod-worker"
              }
            ],
            "tags": null,
            "target_group_arns": [
              "arn:aws:elasticloadbalancing:eu-west-3:739980000921:targetgroup/prod-TargetGrp/ed731d8b0feec7dc"
            ],
            "termination_policies": null,
            "timeouts": null,
            "vpc_zone_identifier": [
              "subnet-06b9b390535918373",
              "subnet-0ac7a2bd1d95e0a0b"
            ],
            "wait_for_capacity_timeout": "10m",
            "wait_for_elb_capacity": null,
            "warm_pool": []
          },
          "sensitive_attributes": [],
          "private": "eyJlMmJmYjczMC1lY2FhLTExZTYtOGY4OC0zNDM2M2JjN2M0YzAiOnsiZGVsZXRlIjo2MDAwMDAwMDAwMDAsInVwZGF0ZSI6NjAwMDAwMDAwMDAwfX0=",
          "dependencies": [
            "module.Worker-Node.aws_instance.PACUJPEU1_worker-node",
            "module.keypair.aws_key_pair.PACUJPEU1-keypair",
            "module.prod-asg.aws_ami_from_instance.prod-worker_ami",
            "module.prod-asg.aws_launch_configuration.lc-prod",
            "module.prod-lb.aws_lb_target_group.prod-target_grp",
            "module.security-group.aws_security_group.PACUJPEU1_mas_work_sg",
            "module.vpc.aws_subnet.PACUJPEU1-PrvtSub01",
            "module.vpc.aws_subnet.PACUJPEU1-PubSub01",
            "module.vpc.aws_subnet.PACUJPEU1-PubSub02",
            "module.vpc.aws_vpc.PACUJPEU1-vpc"
          ]
        }
      ]
    },
    {
      "module": "module.prod-asg",
      "mode": "managed",
      "type": "aws_autoscaling_policy",
      "name": "asg-policy",
      "provider": "provider[\"registry.terraform.io/hashicorp/aws\"]",
      "instances": [
        {
          "schema_version": 0,
          "attributes": {
            "adjustment_type": "",
            "arn": "arn:aws:autoscaling:eu-west-3:739980000921:scalingPolicy:1756d366-1dac-4428-ba5e-7b2ebc06bbd1:autoScalingGroupName/asg-prod:policyName/prod-asg_policy",
            "autoscaling_group_name": "asg-prod",
            "cooldown": 0,
            "enabled": true,
            "estimated_instance_warmup": 0,
            "id": "prod-asg_policy",
            "metric_aggregation_type": "",
            "min_adjustment_magnitude": 0,
            "name": "prod-asg_policy",
            "policy_type": "TargetTrackingScaling",
            "predictive_scaling_configuration": [],
            "scaling_adjustment": 0,
            "step_adjustment": [],
            "target_tracking_configuration": [
              {
                "customized_metric_specification": [],
                "disable_scale_in": false,
                "predefined_metric_specification": [
                  {
                    "predefined_metric_type": "ASGAverageCPUUtilization",
                    "resource_label": ""
                  }
                ],
                "target_value": 60
              }
            ]
          },
          "sensitive_attributes": [],
          "private": "bnVsbA==",
          "dependencies": [
            "module.Worker-Node.aws_instance.PACUJPEU1_worker-node",
            "module.keypair.aws_key_pair.PACUJPEU1-keypair",
            "module.prod-asg.aws_ami_from_instance.prod-worker_ami",
            "module.prod-asg.aws_autoscaling_group.asg-prod",
            "module.prod-asg.aws_launch_configuration.lc-prod",
            "module.prod-lb.aws_lb_target_group.prod-target_grp",
            "module.security-group.aws_security_group.PACUJPEU1_mas_work_sg",
            "module.vpc.aws_subnet.PACUJPEU1-PrvtSub01",
            "module.vpc.aws_subnet.PACUJPEU1-PubSub01",
            "module.vpc.aws_subnet.PACUJPEU1-PubSub02",
            "module.vpc.aws_vpc.PACUJPEU1-vpc"
          ]
        }
      ]
    },
    {
      "module": "module.prod-asg",
      "mode": "managed",
      "type": "aws_launch_configuration",
      "name": "lc-prod",
      "provider": "provider[\"registry.terraform.io/hashicorp/aws\"]",
      "instances": [
        {
          "schema_version": 0,
          "attributes": {
            "arn": "arn:aws:autoscaling:eu-west-3:739980000921:launchConfiguration:dddd4060-4f61-4829-abcd-8001cdc61fe5:launchConfigurationName/prod-lc_config",
            "associate_public_ip_address": true,
            "ebs_block_device": [],
            "ebs_optimized": false,
            "enable_monitoring": true,
            "ephemeral_block_device": [],
            "iam_instance_profile": "",
            "id": "prod-lc_config",
            "image_id": "ami-0ce87fea6ba6e383a",
            "instance_type": "t3.medium",
            "key_name": "PACUJPEU1-key",
            "metadata_options": [],
            "name": "prod-lc_config",
            "name_prefix": "",
            "placement_tenancy": "",
            "root_block_device": [],
            "security_groups": [
              "sg-08e26415fb30f678e"
            ],
            "spot_price": "",
            "user_data": null,
            "user_data_base64": null,
            "vpc_classic_link_id": "",
            "vpc_classic_link_security_groups": null
          },
          "sensitive_attributes": [],
          "private": "bnVsbA==",
          "dependencies": [
            "module.Worker-Node.aws_instance.PACUJPEU1_worker-node",
            "module.keypair.aws_key_pair.PACUJPEU1-keypair",
            "module.prod-asg.aws_ami_from_instance.prod-worker_ami",
            "module.security-group.aws_security_group.PACUJPEU1_mas_work_sg",
            "module.vpc.aws_subnet.PACUJPEU1-PrvtSub01",
            "module.vpc.aws_vpc.PACUJPEU1-vpc"
          ]
        }
      ]
    },
    {
      "module": "module.prod-lb",
      "mode": "managed",
      "type": "aws_lb",
      "name": "prod-lb",
      "provider": "provider[\"registry.terraform.io/hashicorp/aws\"]",
      "instances": [
        {
          "schema_version": 0,
          "attributes": {
            "access_logs": [
              {
                "bucket": "",
                "enabled": false,
                "prefix": ""
              }
            ],
            "arn": "arn:aws:elasticloadbalancing:eu-west-3:739980000921:loadbalancer/app/prod-LoadBalancer/9b7740847a7fccbb",
            "arn_suffix": "app/prod-LoadBalancer/9b7740847a7fccbb",
            "customer_owned_ipv4_pool": "",
            "desync_mitigation_mode": "defensive",
            "dns_name": "prod-LoadBalancer-1995314644.eu-west-3.elb.amazonaws.com",
            "drop_invalid_header_fields": false,
            "enable_cross_zone_load_balancing": true,
            "enable_deletion_protection": false,
            "enable_http2": true,
            "enable_tls_version_and_cipher_suite_headers": false,
            "enable_waf_fail_open": false,
            "enable_xff_client_port": false,
            "id": "arn:aws:elasticloadbalancing:eu-west-3:739980000921:loadbalancer/app/prod-LoadBalancer/9b7740847a7fccbb",
            "idle_timeout": 60,
            "internal": false,
            "ip_address_type": "ipv4",
            "load_balancer_type": "application",
            "name": "prod-LoadBalancer",
            "name_prefix": null,
            "preserve_host_header": false,
            "security_groups": [
              "sg-08e26415fb30f678e"
            ],
            "subnet_mapping": [
              {
                "allocation_id": "",
                "ipv6_address": "",
                "outpost_id": "",
                "private_ipv4_address": "",
                "subnet_id": "subnet-06b9b390535918373"
              },
              {
                "allocation_id": "",
                "ipv6_address": "",
                "outpost_id": "",
                "private_ipv4_address": "",
                "subnet_id": "subnet-0ac7a2bd1d95e0a0b"
              }
            ],
            "subnets": [
              "subnet-06b9b390535918373",
              "subnet-0ac7a2bd1d95e0a0b"
            ],
            "tags": null,
            "tags_all": {},
            "timeouts": null,
            "vpc_id": "vpc-0d08bf64ef18a8d99",
            "xff_header_processing_mode": "append",
            "zone_id": "Z3Q77PNBQS71R4"
          },
          "sensitive_attributes": [],
          "private": "eyJlMmJmYjczMC1lY2FhLTExZTYtOGY4OC0zNDM2M2JjN2M0YzAiOnsiY3JlYXRlIjo2MDAwMDAwMDAwMDAsImRlbGV0ZSI6NjAwMDAwMDAwMDAwLCJ1cGRhdGUiOjYwMDAwMDAwMDAwMH19",
          "dependencies": [
            "module.security-group.aws_security_group.PACUJPEU1_mas_work_sg",
            "module.vpc.aws_subnet.PACUJPEU1-PubSub01",
            "module.vpc.aws_subnet.PACUJPEU1-PubSub02",
            "module.vpc.aws_vpc.PACUJPEU1-vpc"
          ]
        }
      ]
    },
    {
      "module": "module.prod-lb",
      "mode": "managed",
      "type": "aws_lb_listener",
      "name": "prod-lb_listener",
      "provider": "provider[\"registry.terraform.io/hashicorp/aws\"]",
      "instances": [
        {
          "schema_version": 0,
          "attributes": {
            "alpn_policy": null,
            "arn": "arn:aws:elasticloadbalancing:eu-west-3:739980000921:listener/app/prod-LoadBalancer/9b7740847a7fccbb/ea04ac6fdad0926d",
            "certificate_arn": null,
            "default_action": [
              {
                "authenticate_cognito": [],
                "authenticate_oidc": [],
                "fixed_response": [],
                "forward": [],
                "order": 1,
                "redirect": [],
                "target_group_arn": "arn:aws:elasticloadbalancing:eu-west-3:739980000921:targetgroup/prod-TargetGrp/ed731d8b0feec7dc",
                "type": "forward"
              }
            ],
            "id": "arn:aws:elasticloadbalancing:eu-west-3:739980000921:listener/app/prod-LoadBalancer/9b7740847a7fccbb/ea04ac6fdad0926d",
            "load_balancer_arn": "arn:aws:elasticloadbalancing:eu-west-3:739980000921:loadbalancer/app/prod-LoadBalancer/9b7740847a7fccbb",
            "port": 80,
            "protocol": "HTTP",
            "ssl_policy": "",
            "tags": null,
            "tags_all": {},
            "timeouts": null
          },
          "sensitive_attributes": [],
          "private": "eyJlMmJmYjczMC1lY2FhLTExZTYtOGY4OC0zNDM2M2JjN2M0YzAiOnsicmVhZCI6NjAwMDAwMDAwMDAwfX0=",
          "dependencies": [
            "module.prod-lb.aws_lb.prod-lb",
            "module.prod-lb.aws_lb_target_group.prod-target_grp",
            "module.security-group.aws_security_group.PACUJPEU1_mas_work_sg",
            "module.vpc.aws_subnet.PACUJPEU1-PubSub01",
            "module.vpc.aws_subnet.PACUJPEU1-PubSub02",
            "module.vpc.aws_vpc.PACUJPEU1-vpc"
          ]
        }
      ]
    },
    {
      "module": "module.prod-lb",
      "mode": "managed",
      "type": "aws_lb_target_group",
      "name": "prod-target_grp",
      "provider": "provider[\"registry.terraform.io/hashicorp/aws\"]",
      "instances": [
        {
          "schema_version": 0,
          "attributes": {
            "arn": "arn:aws:elasticloadbalancing:eu-west-3:739980000921:targetgroup/prod-TargetGrp/ed731d8b0feec7dc",
            "arn_suffix": "targetgroup/prod-TargetGrp/ed731d8b0feec7dc",
            "connection_termination": false,
            "deregistration_delay": "300",
            "health_check": [
              {
                "enabled": true,
                "healthy_threshold": 3,
                "interval": 45,
                "matcher": "200",
                "path": "/",
                "port": "traffic-port",
                "protocol": "HTTP",
                "timeout": 4,
                "unhealthy_threshold": 3
              }
            ],
            "id": "arn:aws:elasticloadbalancing:eu-west-3:739980000921:targetgroup/prod-TargetGrp/ed731d8b0feec7dc",
            "ip_address_type": "ipv4",
            "lambda_multi_value_headers_enabled": false,
            "load_balancing_algorithm_type": "round_robin",
            "load_balancing_cross_zone_enabled": "use_load_balancer_configuration",
            "name": "prod-TargetGrp",
            "name_prefix": null,
            "port": 30001,
            "preserve_client_ip": null,
            "protocol": "HTTP",
            "protocol_version": "HTTP1",
            "proxy_protocol_v2": false,
            "slow_start": 0,
            "stickiness": [
              {
                "cookie_duration": 86400,
                "cookie_name": "",
                "enabled": false,
                "type": "lb_cookie"
              }
            ],
            "tags": null,
            "tags_all": {},
            "target_failover": [
              {
                "on_deregistration": null,
                "on_unhealthy": null
              }
            ],
            "target_type": "instance",
            "vpc_id": "vpc-0d08bf64ef18a8d99"
          },
          "sensitive_attributes": [],
          "private": "bnVsbA==",
          "dependencies": [
            "module.vpc.aws_vpc.PACUJPEU1-vpc"
          ]
        }
      ]
    },
    {
      "module": "module.prod-lb",
      "mode": "managed",
      "type": "aws_lb_target_group_attachment",
      "name": "prod-lb_tg_grp",
      "provider": "provider[\"registry.terraform.io/hashicorp/aws\"]",
      "instances": [
        {
          "schema_version": 0,
          "attributes": {
            "availability_zone": null,
            "id": "arn:aws:elasticloadbalancing:eu-west-3:739980000921:targetgroup/prod-TargetGrp/ed731d8b0feec7dc-20230430202338079500000012",
            "port": 30001,
            "target_group_arn": "arn:aws:elasticloadbalancing:eu-west-3:739980000921:targetgroup/prod-TargetGrp/ed731d8b0feec7dc",
            "target_id": "i-0bfe8c76d1ef92711"
          },
          "sensitive_attributes": [],
          "private": "bnVsbA==",
          "dependencies": [
            "module.Worker-Node.aws_instance.PACUJPEU1_worker-node",
            "module.keypair.aws_key_pair.PACUJPEU1-keypair",
            "module.prod-lb.aws_lb_target_group.prod-target_grp",
            "module.security-group.aws_security_group.PACUJPEU1_mas_work_sg",
            "module.vpc.aws_subnet.PACUJPEU1-PrvtSub01",
            "module.vpc.aws_vpc.PACUJPEU1-vpc"
          ]
        }
      ]
    },
    {
      "module": "module.prometheus_elb",
      "mode": "managed",
      "type": "aws_elb",
      "name": "prometheus-lb",
      "provider": "provider[\"registry.terraform.io/hashicorp/aws\"]",
      "instances": [
        {
          "schema_version": 0,
          "attributes": {
            "access_logs": [],
            "arn": "arn:aws:elasticloadbalancing:eu-west-3:739980000921:loadbalancer/prometheus-lb",
            "availability_zones": [
              "eu-west-3a",
              "eu-west-3b"
            ],
            "connection_draining": true,
            "connection_draining_timeout": 400,
            "cross_zone_load_balancing": true,
            "desync_mitigation_mode": "defensive",
            "dns_name": "prometheus-lb-866901203.eu-west-3.elb.amazonaws.com",
            "health_check": [
              {
                "healthy_threshold": 2,
                "interval": 30,
                "target": "TCP:31090",
                "timeout": 3,
                "unhealthy_threshold": 2
              }
            ],
            "id": "prometheus-lb",
            "idle_timeout": 400,
            "instances": [
              "i-0bfe8c76d1ef92711"
            ],
            "internal": false,
            "listener": [
              {
                "instance_port": 31090,
                "instance_protocol": "http",
                "lb_port": 80,
                "lb_protocol": "http",
                "ssl_certificate_id": ""
              }
            ],
            "name": "prometheus-lb",
            "name_prefix": null,
            "security_groups": [
              "sg-08e26415fb30f678e"
            ],
            "source_security_group": "739980000921/PACUJPEU1-mas_work_sg",
            "source_security_group_id": "sg-08e26415fb30f678e",
            "subnets": [
              "subnet-06b9b390535918373",
              "subnet-0ac7a2bd1d95e0a0b"
            ],
            "tags": {
              "Name": "prometheus-lb"
            },
            "tags_all": {
              "Name": "prometheus-lb"
            },
            "zone_id": "Z3Q77PNBQS71R4"
          },
          "sensitive_attributes": [],
          "private": "bnVsbA==",
          "dependencies": [
            "module.Worker-Node.aws_instance.PACUJPEU1_worker-node",
            "module.keypair.aws_key_pair.PACUJPEU1-keypair",
            "module.security-group.aws_security_group.PACUJPEU1_mas_work_sg",
            "module.vpc.aws_subnet.PACUJPEU1-PrvtSub01",
            "module.vpc.aws_subnet.PACUJPEU1-PubSub01",
            "module.vpc.aws_subnet.PACUJPEU1-PubSub02",
            "module.vpc.aws_vpc.PACUJPEU1-vpc"
          ]
        }
      ]
    },
    {
      "module": "module.route53",
      "mode": "data",
      "type": "aws_route53_zone",
      "name": "pacujeu1_zone",
      "provider": "provider[\"registry.terraform.io/hashicorp/aws\"]",
      "instances": [
        {
          "schema_version": 0,
          "attributes": {
            "arn": "arn:aws:route53:::hostedzone/Z0165489EHSQTZNB0POW",
            "caller_reference": "bcca9fcc-59ee-4430-b1d8-6373ae41cb29",
            "comment": "",
            "id": "Z0165489EHSQTZNB0POW",
            "linked_service_description": null,
            "linked_service_principal": null,
            "name": "funmibideji-cloud.link",
            "name_servers": [
              "ns-1905.awsdns-46.co.uk",
              "ns-372.awsdns-46.com",
              "ns-609.awsdns-12.net",
              "ns-1477.awsdns-56.org"
            ],
            "primary_name_server": "ns-1905.awsdns-46.co.uk",
            "private_zone": false,
            "resource_record_set_count": 2,
            "tags": {},
            "vpc_id": null,
            "zone_id": "Z0165489EHSQTZNB0POW"
          },
          "sensitive_attributes": []
        }
      ]
    },
    {
      "module": "module.route53",
      "mode": "managed",
      "type": "aws_route53_record",
      "name": "prod",
      "provider": "provider[\"registry.terraform.io/hashicorp/aws\"]",
      "instances": [
        {
          "schema_version": 2,
          "attributes": {
            "alias": [
              {
                "evaluate_target_health": false,
                "name": "prod-loadbalancer-1995314644.eu-west-3.elb.amazonaws.com",
                "zone_id": "Z3Q77PNBQS71R4"
              }
            ],
            "allow_overwrite": null,
            "cidr_routing_policy": [],
            "failover_routing_policy": [],
            "fqdn": "funmibideji-cloud.link",
            "geolocation_routing_policy": [],
            "health_check_id": "",
            "id": "Z0165489EHSQTZNB0POW_funmibideji-cloud.link_A",
            "latency_routing_policy": [],
            "multivalue_answer_routing_policy": false,
            "name": "funmibideji-cloud.link",
            "records": null,
            "set_identifier": "",
            "ttl": 0,
            "type": "A",
            "weighted_routing_policy": [],
            "zone_id": "Z0165489EHSQTZNB0POW"
          },
          "sensitive_attributes": [],
          "private": "eyJzY2hlbWFfdmVyc2lvbiI6IjIifQ==",
          "dependencies": [
            "module.prod-lb.aws_lb.prod-lb",
            "module.route53.data.aws_route53_zone.pacujeu1_zone",
            "module.security-group.aws_security_group.PACUJPEU1_mas_work_sg",
            "module.vpc.aws_subnet.PACUJPEU1-PubSub01",
            "module.vpc.aws_subnet.PACUJPEU1-PubSub02",
            "module.vpc.aws_vpc.PACUJPEU1-vpc"
          ]
        }
      ]
    },
    {
      "module": "module.security-group",
      "mode": "managed",
      "type": "aws_security_group",
      "name": "PACUJPEU1-Bastion-Ansible-SG",
      "provider": "provider[\"registry.terraform.io/hashicorp/aws\"]",
      "instances": [
        {
          "schema_version": 1,
          "attributes": {
            "arn": "arn:aws:ec2:eu-west-3:739980000921:security-group/sg-020c1430c66583e44",
            "description": "Allow inbound Traffic",
            "egress": [
              {
                "cidr_blocks": [
                  "0.0.0.0/0"
                ],
                "description": "",
                "from_port": 0,
                "ipv6_cidr_blocks": [],
                "prefix_list_ids": [],
                "protocol": "-1",
                "security_groups": [],
                "self": false,
                "to_port": 0
              }
            ],
            "id": "sg-020c1430c66583e44",
            "ingress": [
              {
                "cidr_blocks": [
                  "0.0.0.0/0"
                ],
                "description": "ssh access",
                "from_port": 22,
                "ipv6_cidr_blocks": [],
                "prefix_list_ids": [],
                "protocol": "tcp",
                "security_groups": [],
                "self": false,
                "to_port": 22
              }
            ],
            "name": "PACUJPEU1-Bast_Ans_SG",
            "name_prefix": "",
            "owner_id": "739980000921",
            "revoke_rules_on_delete": false,
            "tags": {
              "Name": "PACUJPEU1-Bast_Ans_SG"
            },
            "tags_all": {
              "Name": "PACUJPEU1-Bast_Ans_SG"
            },
            "timeouts": null,
            "vpc_id": "vpc-0d08bf64ef18a8d99"
          },
          "sensitive_attributes": [],
          "private": "eyJlMmJmYjczMC1lY2FhLTExZTYtOGY4OC0zNDM2M2JjN2M0YzAiOnsiY3JlYXRlIjo2MDAwMDAwMDAwMDAsImRlbGV0ZSI6OTAwMDAwMDAwMDAwfSwic2NoZW1hX3ZlcnNpb24iOiIxIn0=",
          "dependencies": [
            "module.vpc.aws_vpc.PACUJPEU1-vpc"
          ]
        }
      ]
    },
    {
      "module": "module.security-group",
      "mode": "managed",
      "type": "aws_security_group",
      "name": "PACUJPEU1-Jenkins-SG",
      "provider": "provider[\"registry.terraform.io/hashicorp/aws\"]",
      "instances": [
        {
          "schema_version": 1,
          "attributes": {
            "arn": "arn:aws:ec2:eu-west-3:739980000921:security-group/sg-045862f05070e7dde",
            "description": "Allow inbound Traffic",
            "egress": [
              {
                "cidr_blocks": [
                  "0.0.0.0/0"
                ],
                "description": "",
                "from_port": 0,
                "ipv6_cidr_blocks": [],
                "prefix_list_ids": [],
                "protocol": "-1",
                "security_groups": [],
                "self": false,
                "to_port": 0
              }
            ],
            "id": "sg-045862f05070e7dde",
            "ingress": [
              {
                "cidr_blocks": [
                  "0.0.0.0/0"
                ],
                "description": "Http Proxy",
                "from_port": 8080,
                "ipv6_cidr_blocks": [],
                "prefix_list_ids": [],
                "protocol": "tcp",
                "security_groups": [],
                "self": false,
                "to_port": 8080
              },
              {
                "cidr_blocks": [
                  "0.0.0.0/0"
                ],
                "description": "ssh access",
                "from_port": 22,
                "ipv6_cidr_blocks": [],
                "prefix_list_ids": [],
                "protocol": "tcp",
                "security_groups": [],
                "self": false,
                "to_port": 22
              }
            ],
            "name": "PACUJPEU1-jenkins_SG",
            "name_prefix": "",
            "owner_id": "739980000921",
            "revoke_rules_on_delete": false,
            "tags": {
              "Name": "PACUJPEU1-jenkins_SG"
            },
            "tags_all": {
              "Name": "PACUJPEU1-jenkins_SG"
            },
            "timeouts": null,
            "vpc_id": "vpc-0d08bf64ef18a8d99"
          },
          "sensitive_attributes": [],
          "private": "eyJlMmJmYjczMC1lY2FhLTExZTYtOGY4OC0zNDM2M2JjN2M0YzAiOnsiY3JlYXRlIjo2MDAwMDAwMDAwMDAsImRlbGV0ZSI6OTAwMDAwMDAwMDAwfSwic2NoZW1hX3ZlcnNpb24iOiIxIn0=",
          "dependencies": [
            "module.vpc.aws_vpc.PACUJPEU1-vpc"
          ]
        }
      ]
    },
    {
      "module": "module.security-group",
      "mode": "managed",
      "type": "aws_security_group",
      "name": "PACUJPEU1_mas_work_sg",
      "provider": "provider[\"registry.terraform.io/hashicorp/aws\"]",
      "instances": [
        {
          "schema_version": 1,
          "attributes": {
            "arn": "arn:aws:ec2:eu-west-3:739980000921:security-group/sg-08e26415fb30f678e",
            "description": "Allow inbound Traffic",
            "egress": [
              {
                "cidr_blocks": [
                  "0.0.0.0/0"
                ],
                "description": "",
                "from_port": 0,
                "ipv6_cidr_blocks": [],
                "prefix_list_ids": [],
                "protocol": "-1",
                "security_groups": [],
                "self": false,
                "to_port": 0
              }
            ],
            "id": "sg-08e26415fb30f678e",
            "ingress": [
              {
                "cidr_blocks": [
                  "0.0.0.0/0"
                ],
                "description": "",
                "from_port": 2379,
                "ipv6_cidr_blocks": [],
                "prefix_list_ids": [],
                "protocol": "tcp",
                "security_groups": [],
                "self": false,
                "to_port": 31090
              },
              {
                "cidr_blocks": [
                  "0.0.0.0/0"
                ],
                "description": "",
                "from_port": 2380,
                "ipv6_cidr_blocks": [],
                "prefix_list_ids": [],
                "protocol": "tcp",
                "security_groups": [],
                "self": false,
                "to_port": 31090
              },
              {
                "cidr_blocks": [
                  "0.0.0.0/0"
                ],
                "description": "",
                "from_port": 30001,
                "ipv6_cidr_blocks": [],
                "prefix_list_ids": [],
                "protocol": "tcp",
                "security_groups": [],
                "self": false,
                "to_port": 30001
              },
              {
                "cidr_blocks": [
                  "0.0.0.0/0"
                ],
                "description": "",
                "from_port": 31090,
                "ipv6_cidr_blocks": [],
                "prefix_list_ids": [],
                "protocol": "tcp",
                "security_groups": [],
                "self": false,
                "to_port": 31090
              },
              {
                "cidr_blocks": [
                  "0.0.0.0/0"
                ],
                "description": "",
                "from_port": 31300,
                "ipv6_cidr_blocks": [],
                "prefix_list_ids": [],
                "protocol": "tcp",
                "security_groups": [],
                "self": false,
                "to_port": 31300
              },
              {
                "cidr_blocks": [
                  "0.0.0.0/0"
                ],
                "description": "",
                "from_port": 6443,
                "ipv6_cidr_blocks": [],
                "prefix_list_ids": [],
                "protocol": "tcp",
                "security_groups": [],
                "self": false,
                "to_port": 6443
              },
              {
                "cidr_blocks": [
                  "0.0.0.0/0"
                ],
                "description": "Http Proxy",
                "from_port": 8080,
                "ipv6_cidr_blocks": [],
                "prefix_list_ids": [],
                "protocol": "tcp",
                "security_groups": [],
                "self": false,
                "to_port": 8080
              },
              {
                "cidr_blocks": [
                  "0.0.0.0/0"
                ],
                "description": "Http80",
                "from_port": 80,
                "ipv6_cidr_blocks": [],
                "prefix_list_ids": [],
                "protocol": "tcp",
                "security_groups": [],
                "self": false,
                "to_port": 80
              },
              {
                "cidr_blocks": [
                  "0.0.0.0/0"
                ],
                "description": "port_https",
                "from_port": 443,
                "ipv6_cidr_blocks": [],
                "prefix_list_ids": [],
                "protocol": "tcp",
                "security_groups": [],
                "self": false,
                "to_port": 443
              },
              {
                "cidr_blocks": [
                  "0.0.0.0/0"
                ],
                "description": "ssh access",
                "from_port": 22,
                "ipv6_cidr_blocks": [],
                "prefix_list_ids": [],
                "protocol": "tcp",
                "security_groups": [],
                "self": false,
                "to_port": 22
              }
            ],
            "name": "PACUJPEU1-mas_work_sg",
            "name_prefix": "",
            "owner_id": "739980000921",
            "revoke_rules_on_delete": false,
            "tags": {
              "Name": "PACUJPEU1-mas_stage_SG"
            },
            "tags_all": {
              "Name": "PACUJPEU1-mas_stage_SG"
            },
            "timeouts": null,
            "vpc_id": "vpc-0d08bf64ef18a8d99"
          },
          "sensitive_attributes": [],
          "private": "eyJlMmJmYjczMC1lY2FhLTExZTYtOGY4OC0zNDM2M2JjN2M0YzAiOnsiY3JlYXRlIjo2MDAwMDAwMDAwMDAsImRlbGV0ZSI6OTAwMDAwMDAwMDAwfSwic2NoZW1hX3ZlcnNpb24iOiIxIn0=",
          "dependencies": [
            "module.vpc.aws_vpc.PACUJPEU1-vpc"
          ]
        }
      ]
    },
    {
      "module": "module.stage-HAProxy_backup",
      "mode": "managed",
      "type": "aws_instance",
      "name": "PACUJPEU1_HAProxy_stg-backup",
      "provider": "provider[\"registry.terraform.io/hashicorp/aws\"]",
      "instances": [
        {
          "schema_version": 1,
          "attributes": {
            "ami": "ami-05e8e219ac7e82eba",
            "arn": "arn:aws:ec2:eu-west-3:739980000921:instance/i-022be20c1a51ecf77",
            "associate_public_ip_address": false,
            "availability_zone": "eu-west-3b",
            "capacity_reservation_specification": [
              {
                "capacity_reservation_preference": "open",
                "capacity_reservation_target": []
              }
            ],
            "cpu_core_count": 1,
            "cpu_threads_per_core": 2,
            "credit_specification": [
              {
                "cpu_credits": "unlimited"
              }
            ],
            "disable_api_stop": false,
            "disable_api_termination": false,
            "ebs_block_device": [],
            "ebs_optimized": false,
            "enclave_options": [
              {
                "enabled": false
              }
            ],
            "ephemeral_block_device": [],
            "get_password_data": false,
            "hibernation": false,
            "host_id": "",
            "host_resource_group_arn": null,
            "iam_instance_profile": "",
            "id": "i-022be20c1a51ecf77",
            "instance_initiated_shutdown_behavior": "stop",
            "instance_state": "running",
            "instance_type": "t3.medium",
            "ipv6_address_count": 0,
            "ipv6_addresses": [],
            "key_name": "PACUJPEU1-key",
            "launch_template": [],
            "maintenance_options": [
              {
                "auto_recovery": "default"
              }
            ],
            "metadata_options": [
              {
                "http_endpoint": "enabled",
                "http_put_response_hop_limit": 1,
                "http_tokens": "optional",
                "instance_metadata_tags": "disabled"
              }
            ],
            "monitoring": false,
            "network_interface": [],
            "outpost_arn": "",
            "password_data": "",
            "placement_group": "",
            "placement_partition_number": 0,
            "primary_network_interface_id": "eni-00049867985847a3d",
            "private_dns": "ip-10-0-4-170.eu-west-3.compute.internal",
            "private_dns_name_options": [
              {
                "enable_resource_name_dns_a_record": false,
                "enable_resource_name_dns_aaaa_record": false,
                "hostname_type": "ip-name"
              }
            ],
            "private_ip": "10.0.4.170",
            "public_dns": "",
            "public_ip": "",
            "root_block_device": [
              {
                "delete_on_termination": true,
                "device_name": "/dev/sda1",
                "encrypted": false,
                "iops": 100,
                "kms_key_id": "",
                "tags": {},
                "throughput": 0,
                "volume_id": "vol-07e06d13da76c2f31",
                "volume_size": 8,
                "volume_type": "gp2"
              }
            ],
            "secondary_private_ips": [],
            "security_groups": [],
            "source_dest_check": true,
            "subnet_id": "subnet-0574a3c3907592f3c",
            "tags": {
              "Name": "PACUJPEU1_HAProxy_stg-backup"
            },
            "tags_all": {
              "Name": "PACUJPEU1_HAProxy_stg-backup"
            },
            "tenancy": "default",
            "timeouts": null,
            "user_data": "8b902cb1ee2f601c235354a248b35b42314b6268",
            "user_data_base64": null,
            "user_data_replace_on_change": false,
            "volume_tags": null,
            "vpc_security_group_ids": [
              "sg-08e26415fb30f678e"
            ]
          },
          "sensitive_attributes": [],
          "private": "eyJlMmJmYjczMC1lY2FhLTExZTYtOGY4OC0zNDM2M2JjN2M0YzAiOnsiY3JlYXRlIjo2MDAwMDAwMDAwMDAsImRlbGV0ZSI6MTIwMDAwMDAwMDAwMCwidXBkYXRlIjo2MDAwMDAwMDAwMDB9LCJzY2hlbWFfdmVyc2lvbiI6IjEifQ==",
          "dependencies": [
            "module.Master-Node.aws_instance.PACUJPEU1_master-node",
            "module.keypair.aws_key_pair.PACUJPEU1-keypair",
            "module.security-group.aws_security_group.PACUJPEU1_mas_work_sg",
            "module.vpc.aws_subnet.PACUJPEU1-PrvtSub01",
            "module.vpc.aws_subnet.PACUJPEU1-PrvtSub02",
            "module.vpc.aws_vpc.PACUJPEU1-vpc"
          ]
        }
      ]
    },
    {
      "module": "module.stage-asg",
      "mode": "managed",
      "type": "aws_ami_from_instance",
      "name": "stg-worker_ami",
      "provider": "provider[\"registry.terraform.io/hashicorp/aws\"]",
      "instances": [
        {
          "schema_version": 0,
          "attributes": {
            "architecture": "x86_64",
            "arn": "arn:aws:ec2:eu-west-3::image/ami-076c367c11136ac87",
            "boot_mode": "",
            "deprecation_time": "",
            "description": "",
            "ebs_block_device": [
              {
                "delete_on_termination": true,
                "device_name": "/dev/sda1",
                "encrypted": false,
                "iops": 0,
                "outpost_arn": "",
                "snapshot_id": "snap-00a9228925d85384d",
                "throughput": 0,
                "volume_size": 8,
                "volume_type": "gp2"
              }
            ],
            "ena_support": true,
            "ephemeral_block_device": [
              {
                "device_name": "/dev/sdb",
                "virtual_name": "ephemeral0"
              },
              {
                "device_name": "/dev/sdc",
                "virtual_name": "ephemeral1"
              }
            ],
            "hypervisor": "xen",
            "id": "ami-076c367c11136ac87",
            "image_location": "739980000921/stg-lc_ami",
            "image_owner_alias": "",
            "image_type": "machine",
            "imds_support": "",
            "kernel_id": "",
            "manage_ebs_snapshots": true,
            "name": "stg-lc_ami",
            "owner_id": "739980000921",
            "platform": "",
            "platform_details": "Linux/UNIX",
            "public": false,
            "ramdisk_id": "",
            "root_device_name": "/dev/sda1",
            "root_snapshot_id": "snap-00a9228925d85384d",
            "snapshot_without_reboot": null,
            "source_instance_id": "i-06f2c028e979580dd",
            "sriov_net_support": "simple",
            "tags": null,
            "tags_all": {},
            "timeouts": null,
            "tpm_support": "",
            "usage_operation": "RunInstances",
            "virtualization_type": "hvm"
          },
          "sensitive_attributes": [],
          "private": "eyJlMmJmYjczMC1lY2FhLTExZTYtOGY4OC0zNDM2M2JjN2M0YzAiOnsiY3JlYXRlIjoyNDAwMDAwMDAwMDAwLCJkZWxldGUiOjU0MDAwMDAwMDAwMDAsInVwZGF0ZSI6MjQwMDAwMDAwMDAwMH19",
          "dependencies": [
            "module.Worker-Node.aws_instance.PACUJPEU1_worker-node",
            "module.keypair.aws_key_pair.PACUJPEU1-keypair",
            "module.security-group.aws_security_group.PACUJPEU1_mas_work_sg",
            "module.vpc.aws_subnet.PACUJPEU1-PrvtSub01",
            "module.vpc.aws_vpc.PACUJPEU1-vpc"
          ]
        }
      ]
    },
    {
      "module": "module.stage-asg",
      "mode": "managed",
      "type": "aws_autoscaling_group",
      "name": "asg-stage",
      "provider": "provider[\"registry.terraform.io/hashicorp/aws\"]",
      "instances": [
        {
          "schema_version": 0,
          "attributes": {
            "arn": "arn:aws:autoscaling:eu-west-3:739980000921:autoScalingGroup:35620915-1788-4b67-9cf5-9b1237734187:autoScalingGroupName/asg-stage",
            "availability_zones": [
              "eu-west-3a",
              "eu-west-3b"
            ],
            "capacity_rebalance": false,
            "context": "",
            "default_cooldown": 300,
            "default_instance_warmup": 0,
            "desired_capacity": 2,
            "desired_capacity_type": "",
            "enabled_metrics": null,
            "force_delete": true,
            "force_delete_warm_pool": false,
            "health_check_grace_period": 120,
            "health_check_type": "EC2",
            "id": "asg-stage",
            "initial_lifecycle_hook": [],
            "instance_refresh": [],
            "launch_configuration": "stg-lc_config",
            "launch_template": [],
            "load_balancers": null,
            "max_instance_lifetime": 0,
            "max_size": 5,
            "metrics_granularity": "1Minute",
            "min_elb_capacity": null,
            "min_size": 2,
            "mixed_instances_policy": [],
            "name": "asg-stage",
            "name_prefix": "",
            "placement_group": "",
            "protect_from_scale_in": false,
            "service_linked_role_arn": "arn:aws:iam::739980000921:role/aws-service-role/autoscaling.amazonaws.com/AWSServiceRoleForAutoScaling",
            "suspended_processes": null,
            "tag": [
              {
                "key": "Name",
                "propagate_at_launch": true,
                "value": "stage-worker"
              }
            ],
            "tags": null,
            "target_group_arns": [
              "arn:aws:elasticloadbalancing:eu-west-3:739980000921:targetgroup/stg-TargetGrp/285603ef07b5b896"
            ],
            "termination_policies": null,
            "timeouts": null,
            "vpc_zone_identifier": [
              "subnet-06b9b390535918373",
              "subnet-0ac7a2bd1d95e0a0b"
            ],
            "wait_for_capacity_timeout": "10m",
            "wait_for_elb_capacity": null,
            "warm_pool": []
          },
          "sensitive_attributes": [],
          "private": "eyJlMmJmYjczMC1lY2FhLTExZTYtOGY4OC0zNDM2M2JjN2M0YzAiOnsiZGVsZXRlIjo2MDAwMDAwMDAwMDAsInVwZGF0ZSI6NjAwMDAwMDAwMDAwfX0=",
          "dependencies": [
            "module.Worker-Node.aws_instance.PACUJPEU1_worker-node",
            "module.keypair.aws_key_pair.PACUJPEU1-keypair",
            "module.security-group.aws_security_group.PACUJPEU1_mas_work_sg",
            "module.stage-asg.aws_ami_from_instance.stg-worker_ami",
            "module.stage-asg.aws_launch_configuration.lc-stage",
            "module.stg-lb.aws_lb_target_group.stg-target_grp",
            "module.vpc.aws_subnet.PACUJPEU1-PrvtSub01",
            "module.vpc.aws_subnet.PACUJPEU1-PubSub01",
            "module.vpc.aws_subnet.PACUJPEU1-PubSub02",
            "module.vpc.aws_vpc.PACUJPEU1-vpc"
          ]
        }
      ]
    },
    {
      "module": "module.stage-asg",
      "mode": "managed",
      "type": "aws_autoscaling_policy",
      "name": "asg-policy",
      "provider": "provider[\"registry.terraform.io/hashicorp/aws\"]",
      "instances": [
        {
          "schema_version": 0,
          "attributes": {
            "adjustment_type": "",
            "arn": "arn:aws:autoscaling:eu-west-3:739980000921:scalingPolicy:2357e3e3-b620-4019-b524-ec3486de8651:autoScalingGroupName/asg-stage:policyName/stg-asg_policy",
            "autoscaling_group_name": "asg-stage",
            "cooldown": 0,
            "enabled": true,
            "estimated_instance_warmup": 0,
            "id": "stg-asg_policy",
            "metric_aggregation_type": "",
            "min_adjustment_magnitude": 0,
            "name": "stg-asg_policy",
            "policy_type": "TargetTrackingScaling",
            "predictive_scaling_configuration": [],
            "scaling_adjustment": 0,
            "step_adjustment": [],
            "target_tracking_configuration": [
              {
                "customized_metric_specification": [],
                "disable_scale_in": false,
                "predefined_metric_specification": [
                  {
                    "predefined_metric_type": "ASGAverageCPUUtilization",
                    "resource_label": ""
                  }
                ],
                "target_value": 60
              }
            ]
          },
          "sensitive_attributes": [],
          "private": "bnVsbA==",
          "dependencies": [
            "module.Worker-Node.aws_instance.PACUJPEU1_worker-node",
            "module.keypair.aws_key_pair.PACUJPEU1-keypair",
            "module.security-group.aws_security_group.PACUJPEU1_mas_work_sg",
            "module.stage-asg.aws_ami_from_instance.stg-worker_ami",
            "module.stage-asg.aws_autoscaling_group.asg-stage",
            "module.stage-asg.aws_launch_configuration.lc-stage",
            "module.stg-lb.aws_lb_target_group.stg-target_grp",
            "module.vpc.aws_subnet.PACUJPEU1-PrvtSub01",
            "module.vpc.aws_subnet.PACUJPEU1-PubSub01",
            "module.vpc.aws_subnet.PACUJPEU1-PubSub02",
            "module.vpc.aws_vpc.PACUJPEU1-vpc"
          ]
        }
      ]
    },
    {
      "module": "module.stage-asg",
      "mode": "managed",
      "type": "aws_launch_configuration",
      "name": "lc-stage",
      "provider": "provider[\"registry.terraform.io/hashicorp/aws\"]",
      "instances": [
        {
          "schema_version": 0,
          "attributes": {
            "arn": "arn:aws:autoscaling:eu-west-3:739980000921:launchConfiguration:a0962bee-24d3-400f-bf99-91dae84ad7f9:launchConfigurationName/stg-lc_config",
            "associate_public_ip_address": true,
            "ebs_block_device": [],
            "ebs_optimized": false,
            "enable_monitoring": true,
            "ephemeral_block_device": [],
            "iam_instance_profile": "",
            "id": "stg-lc_config",
            "image_id": "ami-076c367c11136ac87",
            "instance_type": "t3.medium",
            "key_name": "PACUJPEU1-key",
            "metadata_options": [],
            "name": "stg-lc_config",
            "name_prefix": "",
            "placement_tenancy": "",
            "root_block_device": [],
            "security_groups": [
              "sg-08e26415fb30f678e"
            ],
            "spot_price": "",
            "user_data": null,
            "user_data_base64": null,
            "vpc_classic_link_id": "",
            "vpc_classic_link_security_groups": null
          },
          "sensitive_attributes": [],
          "private": "bnVsbA==",
          "dependencies": [
            "module.Worker-Node.aws_instance.PACUJPEU1_worker-node",
            "module.keypair.aws_key_pair.PACUJPEU1-keypair",
            "module.security-group.aws_security_group.PACUJPEU1_mas_work_sg",
            "module.stage-asg.aws_ami_from_instance.stg-worker_ami",
            "module.vpc.aws_subnet.PACUJPEU1-PrvtSub01",
            "module.vpc.aws_vpc.PACUJPEU1-vpc"
          ]
        }
      ]
    },
    {
      "module": "module.stg-lb",
      "mode": "managed",
      "type": "aws_lb",
      "name": "stg-lb",
      "provider": "provider[\"registry.terraform.io/hashicorp/aws\"]",
      "instances": [
        {
          "schema_version": 0,
          "attributes": {
            "access_logs": [
              {
                "bucket": "",
                "enabled": false,
                "prefix": ""
              }
            ],
            "arn": "arn:aws:elasticloadbalancing:eu-west-3:739980000921:loadbalancer/app/stg-LoadBalancer/c35d9695ae15a875",
            "arn_suffix": "app/stg-LoadBalancer/c35d9695ae15a875",
            "customer_owned_ipv4_pool": "",
            "desync_mitigation_mode": "defensive",
            "dns_name": "stg-LoadBalancer-781575585.eu-west-3.elb.amazonaws.com",
            "drop_invalid_header_fields": false,
            "enable_cross_zone_load_balancing": true,
            "enable_deletion_protection": false,
            "enable_http2": true,
            "enable_tls_version_and_cipher_suite_headers": false,
            "enable_waf_fail_open": false,
            "enable_xff_client_port": false,
            "id": "arn:aws:elasticloadbalancing:eu-west-3:739980000921:loadbalancer/app/stg-LoadBalancer/c35d9695ae15a875",
            "idle_timeout": 60,
            "internal": false,
            "ip_address_type": "ipv4",
            "load_balancer_type": "application",
            "name": "stg-LoadBalancer",
            "name_prefix": null,
            "preserve_host_header": false,
            "security_groups": [
              "sg-08e26415fb30f678e"
            ],
            "subnet_mapping": [
              {
                "allocation_id": "",
                "ipv6_address": "",
                "outpost_id": "",
                "private_ipv4_address": "",
                "subnet_id": "subnet-06b9b390535918373"
              },
              {
                "allocation_id": "",
                "ipv6_address": "",
                "outpost_id": "",
                "private_ipv4_address": "",
                "subnet_id": "subnet-0ac7a2bd1d95e0a0b"
              }
            ],
            "subnets": [
              "subnet-06b9b390535918373",
              "subnet-0ac7a2bd1d95e0a0b"
            ],
            "tags": null,
            "tags_all": {},
            "timeouts": null,
            "vpc_id": "vpc-0d08bf64ef18a8d99",
            "xff_header_processing_mode": "append",
            "zone_id": "Z3Q77PNBQS71R4"
          },
          "sensitive_attributes": [],
          "private": "eyJlMmJmYjczMC1lY2FhLTExZTYtOGY4OC0zNDM2M2JjN2M0YzAiOnsiY3JlYXRlIjo2MDAwMDAwMDAwMDAsImRlbGV0ZSI6NjAwMDAwMDAwMDAwLCJ1cGRhdGUiOjYwMDAwMDAwMDAwMH19",
          "dependencies": [
            "module.security-group.aws_security_group.PACUJPEU1_mas_work_sg",
            "module.vpc.aws_subnet.PACUJPEU1-PubSub01",
            "module.vpc.aws_subnet.PACUJPEU1-PubSub02",
            "module.vpc.aws_vpc.PACUJPEU1-vpc"
          ]
        }
      ]
    },
    {
      "module": "module.stg-lb",
      "mode": "managed",
      "type": "aws_lb_listener",
      "name": "stg-lb_listener",
      "provider": "provider[\"registry.terraform.io/hashicorp/aws\"]",
      "instances": [
        {
          "schema_version": 0,
          "attributes": {
            "alpn_policy": null,
            "arn": "arn:aws:elasticloadbalancing:eu-west-3:739980000921:listener/app/stg-LoadBalancer/c35d9695ae15a875/c82d3be689518de2",
            "certificate_arn": null,
            "default_action": [
              {
                "authenticate_cognito": [],
                "authenticate_oidc": [],
                "fixed_response": [],
                "forward": [],
                "order": 1,
                "redirect": [],
                "target_group_arn": "arn:aws:elasticloadbalancing:eu-west-3:739980000921:targetgroup/stg-TargetGrp/285603ef07b5b896",
                "type": "forward"
              }
            ],
            "id": "arn:aws:elasticloadbalancing:eu-west-3:739980000921:listener/app/stg-LoadBalancer/c35d9695ae15a875/c82d3be689518de2",
            "load_balancer_arn": "arn:aws:elasticloadbalancing:eu-west-3:739980000921:loadbalancer/app/stg-LoadBalancer/c35d9695ae15a875",
            "port": 80,
            "protocol": "HTTP",
            "ssl_policy": "",
            "tags": null,
            "tags_all": {},
            "timeouts": null
          },
          "sensitive_attributes": [],
          "private": "eyJlMmJmYjczMC1lY2FhLTExZTYtOGY4OC0zNDM2M2JjN2M0YzAiOnsicmVhZCI6NjAwMDAwMDAwMDAwfX0=",
          "dependencies": [
            "module.security-group.aws_security_group.PACUJPEU1_mas_work_sg",
            "module.stg-lb.aws_lb.stg-lb",
            "module.stg-lb.aws_lb_target_group.stg-target_grp",
            "module.vpc.aws_subnet.PACUJPEU1-PubSub01",
            "module.vpc.aws_subnet.PACUJPEU1-PubSub02",
            "module.vpc.aws_vpc.PACUJPEU1-vpc"
          ]
        }
      ]
    },
    {
      "module": "module.stg-lb",
      "mode": "managed",
      "type": "aws_lb_target_group",
      "name": "stg-target_grp",
      "provider": "provider[\"registry.terraform.io/hashicorp/aws\"]",
      "instances": [
        {
          "schema_version": 0,
          "attributes": {
            "arn": "arn:aws:elasticloadbalancing:eu-west-3:739980000921:targetgroup/stg-TargetGrp/285603ef07b5b896",
            "arn_suffix": "targetgroup/stg-TargetGrp/285603ef07b5b896",
            "connection_termination": false,
            "deregistration_delay": "300",
            "health_check": [
              {
                "enabled": true,
                "healthy_threshold": 3,
                "interval": 45,
                "matcher": "200",
                "path": "/",
                "port": "traffic-port",
                "protocol": "HTTP",
                "timeout": 4,
                "unhealthy_threshold": 3
              }
            ],
            "id": "arn:aws:elasticloadbalancing:eu-west-3:739980000921:targetgroup/stg-TargetGrp/285603ef07b5b896",
            "ip_address_type": "ipv4",
            "lambda_multi_value_headers_enabled": false,
            "load_balancing_algorithm_type": "round_robin",
            "load_balancing_cross_zone_enabled": "use_load_balancer_configuration",
            "name": "stg-TargetGrp",
            "name_prefix": null,
            "port": 30001,
            "preserve_client_ip": null,
            "protocol": "HTTP",
            "protocol_version": "HTTP1",
            "proxy_protocol_v2": false,
            "slow_start": 0,
            "stickiness": [
              {
                "cookie_duration": 86400,
                "cookie_name": "",
                "enabled": false,
                "type": "lb_cookie"
              }
            ],
            "tags": null,
            "tags_all": {},
            "target_failover": [
              {
                "on_deregistration": null,
                "on_unhealthy": null
              }
            ],
            "target_type": "instance",
            "vpc_id": "vpc-0d08bf64ef18a8d99"
          },
          "sensitive_attributes": [],
          "private": "bnVsbA==",
          "dependencies": [
            "module.vpc.aws_vpc.PACUJPEU1-vpc"
          ]
        }
      ]
    },
    {
      "module": "module.stg-lb",
      "mode": "managed",
      "type": "aws_lb_target_group_attachment",
      "name": "stg-lb_tg_grp",
      "provider": "provider[\"registry.terraform.io/hashicorp/aws\"]",
      "instances": [
        {
          "schema_version": 0,
          "attributes": {
            "availability_zone": null,
            "id": "arn:aws:elasticloadbalancing:eu-west-3:739980000921:targetgroup/stg-TargetGrp/285603ef07b5b896-20230430202343280500000013",
            "port": 30001,
            "target_group_arn": "arn:aws:elasticloadbalancing:eu-west-3:739980000921:targetgroup/stg-TargetGrp/285603ef07b5b896",
            "target_id": "i-06f2c028e979580dd"
          },
          "sensitive_attributes": [],
          "private": "bnVsbA==",
          "dependencies": [
            "module.Worker-Node.aws_instance.PACUJPEU1_worker-node",
            "module.keypair.aws_key_pair.PACUJPEU1-keypair",
            "module.security-group.aws_security_group.PACUJPEU1_mas_work_sg",
            "module.stg-lb.aws_lb_target_group.stg-target_grp",
            "module.vpc.aws_subnet.PACUJPEU1-PrvtSub01",
            "module.vpc.aws_vpc.PACUJPEU1-vpc"
          ]
        }
      ]
    },
    {
      "module": "module.vpc",
      "mode": "managed",
      "type": "aws_eip",
      "name": "PACUJPEU1-Eip",
      "provider": "provider[\"registry.terraform.io/hashicorp/aws\"]",
      "instances": [
        {
          "schema_version": 0,
          "attributes": {
            "address": null,
            "allocation_id": "eipalloc-0c8ac1dcbc718beca",
            "associate_with_private_ip": null,
            "association_id": "",
            "carrier_ip": "",
            "customer_owned_ip": "",
            "customer_owned_ipv4_pool": "",
            "domain": "vpc",
            "id": "eipalloc-0c8ac1dcbc718beca",
            "instance": "",
            "network_border_group": "eu-west-3",
            "network_interface": "",
            "private_dns": null,
            "private_ip": "",
            "public_dns": "ec2-13-36-223-191.eu-west-3.compute.amazonaws.com",
            "public_ip": "13.36.223.191",
            "public_ipv4_pool": "amazon",
            "tags": {
              "Name": "PACUJPEU1-eip_name"
            },
            "tags_all": {
              "Name": "PACUJPEU1-eip_name"
            },
            "timeouts": null,
            "vpc": true
          },
          "sensitive_attributes": [],
          "private": "eyJlMmJmYjczMC1lY2FhLTExZTYtOGY4OC0zNDM2M2JjN2M0YzAiOnsiZGVsZXRlIjoxODAwMDAwMDAwMDAsInJlYWQiOjkwMDAwMDAwMDAwMCwidXBkYXRlIjozMDAwMDAwMDAwMDB9fQ==",
          "dependencies": [
            "module.vpc.aws_internet_gateway.PACUJPEU1-IGW",
            "module.vpc.aws_vpc.PACUJPEU1-vpc"
          ]
        }
      ]
    },
    {
      "module": "module.vpc",
      "mode": "managed",
      "type": "aws_internet_gateway",
      "name": "PACUJPEU1-IGW",
      "provider": "provider[\"registry.terraform.io/hashicorp/aws\"]",
      "instances": [
        {
          "schema_version": 0,
          "attributes": {
            "arn": "arn:aws:ec2:eu-west-3:739980000921:internet-gateway/igw-08c75dbe6d1fc162d",
            "id": "igw-08c75dbe6d1fc162d",
            "owner_id": "739980000921",
            "tags": {
              "Name": "PACUJPEU1-IGW"
            },
            "tags_all": {
              "Name": "PACUJPEU1-IGW"
            },
            "timeouts": null,
            "vpc_id": "vpc-0d08bf64ef18a8d99"
          },
          "sensitive_attributes": [],
          "private": "eyJlMmJmYjczMC1lY2FhLTExZTYtOGY4OC0zNDM2M2JjN2M0YzAiOnsiY3JlYXRlIjoxMjAwMDAwMDAwMDAwLCJkZWxldGUiOjEyMDAwMDAwMDAwMDAsInVwZGF0ZSI6MTIwMDAwMDAwMDAwMH19",
          "dependencies": [
            "module.vpc.aws_vpc.PACUJPEU1-vpc"
          ]
        }
      ]
    },
    {
      "module": "module.vpc",
      "mode": "managed",
      "type": "aws_nat_gateway",
      "name": "PACUJPEU1-NAT",
      "provider": "provider[\"registry.terraform.io/hashicorp/aws\"]",
      "instances": [
        {
          "schema_version": 0,
          "attributes": {
            "allocation_id": "eipalloc-0c8ac1dcbc718beca",
            "connectivity_type": "public",
            "id": "nat-04bc1e9e0023d8c9d",
            "network_interface_id": "eni-0a89f888b9c0a8c8d",
            "private_ip": "10.0.2.247",
            "public_ip": "13.36.223.191",
            "subnet_id": "subnet-0ac7a2bd1d95e0a0b",
            "tags": {
              "Name": "PACUJPEU1-NAT"
            },
            "tags_all": {
              "Name": "PACUJPEU1-NAT"
            }
          },
          "sensitive_attributes": [],
          "private": "bnVsbA==",
          "dependencies": [
            "module.vpc.aws_eip.PACUJPEU1-Eip",
            "module.vpc.aws_internet_gateway.PACUJPEU1-IGW",
            "module.vpc.aws_subnet.PACUJPEU1-PubSub02",
            "module.vpc.aws_vpc.PACUJPEU1-vpc"
          ]
        }
      ]
    },
    {
      "module": "module.vpc",
      "mode": "managed",
      "type": "aws_route_table",
      "name": "PACUJPEU1-PrvtRT",
      "provider": "provider[\"registry.terraform.io/hashicorp/aws\"]",
      "instances": [
        {
          "schema_version": 0,
          "attributes": {
            "arn": "arn:aws:ec2:eu-west-3:739980000921:route-table/rtb-0e3f849a8389da544",
            "id": "rtb-0e3f849a8389da544",
            "owner_id": "739980000921",
            "propagating_vgws": [],
            "route": [
              {
                "carrier_gateway_id": "",
                "cidr_block": "0.0.0.0/0",
                "core_network_arn": "",
                "destination_prefix_list_id": "",
                "egress_only_gateway_id": "",
                "gateway_id": "nat-04bc1e9e0023d8c9d",
                "instance_id": "",
                "ipv6_cidr_block": "",
                "local_gateway_id": "",
                "nat_gateway_id": "",
                "network_interface_id": "",
                "transit_gateway_id": "",
                "vpc_endpoint_id": "",
                "vpc_peering_connection_id": ""
              }
            ],
            "tags": {
              "Name": "PACUJPEU1-PrvtRT"
            },
            "tags_all": {
              "Name": "PACUJPEU1-PrvtRT"
            },
            "timeouts": null,
            "vpc_id": "vpc-0d08bf64ef18a8d99"
          },
          "sensitive_attributes": [],
          "private": "eyJlMmJmYjczMC1lY2FhLTExZTYtOGY4OC0zNDM2M2JjN2M0YzAiOnsiY3JlYXRlIjozMDAwMDAwMDAwMDAsImRlbGV0ZSI6MzAwMDAwMDAwMDAwLCJ1cGRhdGUiOjEyMDAwMDAwMDAwMH19",
          "dependencies": [
            "module.vpc.aws_eip.PACUJPEU1-Eip",
            "module.vpc.aws_internet_gateway.PACUJPEU1-IGW",
            "module.vpc.aws_nat_gateway.PACUJPEU1-NAT",
            "module.vpc.aws_subnet.PACUJPEU1-PubSub02",
            "module.vpc.aws_vpc.PACUJPEU1-vpc"
          ]
        }
      ]
    },
    {
      "module": "module.vpc",
      "mode": "managed",
      "type": "aws_route_table",
      "name": "PACUJPEU1-PubRT",
      "provider": "provider[\"registry.terraform.io/hashicorp/aws\"]",
      "instances": [
        {
          "schema_version": 0,
          "attributes": {
            "arn": "arn:aws:ec2:eu-west-3:739980000921:route-table/rtb-076f5e3aa1a84c54f",
            "id": "rtb-076f5e3aa1a84c54f",
            "owner_id": "739980000921",
            "propagating_vgws": [],
            "route": [
              {
                "carrier_gateway_id": "",
                "cidr_block": "0.0.0.0/0",
                "core_network_arn": "",
                "destination_prefix_list_id": "",
                "egress_only_gateway_id": "",
                "gateway_id": "igw-08c75dbe6d1fc162d",
                "instance_id": "",
                "ipv6_cidr_block": "",
                "local_gateway_id": "",
                "nat_gateway_id": "",
                "network_interface_id": "",
                "transit_gateway_id": "",
                "vpc_endpoint_id": "",
                "vpc_peering_connection_id": ""
              }
            ],
            "tags": {
              "Name": "PACUJPEU1-PubRT"
            },
            "tags_all": {
              "Name": "PACUJPEU1-PubRT"
            },
            "timeouts": null,
            "vpc_id": "vpc-0d08bf64ef18a8d99"
          },
          "sensitive_attributes": [],
          "private": "eyJlMmJmYjczMC1lY2FhLTExZTYtOGY4OC0zNDM2M2JjN2M0YzAiOnsiY3JlYXRlIjozMDAwMDAwMDAwMDAsImRlbGV0ZSI6MzAwMDAwMDAwMDAwLCJ1cGRhdGUiOjEyMDAwMDAwMDAwMH19",
          "dependencies": [
            "module.vpc.aws_internet_gateway.PACUJPEU1-IGW",
            "module.vpc.aws_vpc.PACUJPEU1-vpc"
          ]
        }
      ]
    },
    {
      "module": "module.vpc",
      "mode": "managed",
      "type": "aws_route_table_association",
      "name": "PACUJPEU1-PrvtSub01-asst",
      "provider": "provider[\"registry.terraform.io/hashicorp/aws\"]",
      "instances": [
        {
          "schema_version": 0,
          "attributes": {
            "gateway_id": "",
            "id": "rtbassoc-0ece1e73fa0d0906e",
            "route_table_id": "rtb-0e3f849a8389da544",
            "subnet_id": "subnet-0b5cd7d411ade5509"
          },
          "sensitive_attributes": [],
          "private": "bnVsbA==",
          "dependencies": [
            "module.vpc.aws_eip.PACUJPEU1-Eip",
            "module.vpc.aws_internet_gateway.PACUJPEU1-IGW",
            "module.vpc.aws_nat_gateway.PACUJPEU1-NAT",
            "module.vpc.aws_route_table.PACUJPEU1-PrvtRT",
            "module.vpc.aws_subnet.PACUJPEU1-PrvtSub01",
            "module.vpc.aws_subnet.PACUJPEU1-PubSub02",
            "module.vpc.aws_vpc.PACUJPEU1-vpc"
          ]
        }
      ]
    },
    {
      "module": "module.vpc",
      "mode": "managed",
      "type": "aws_route_table_association",
      "name": "PACUJPEU1-PrvtSub02-asst",
      "provider": "provider[\"registry.terraform.io/hashicorp/aws\"]",
      "instances": [
        {
          "schema_version": 0,
          "attributes": {
            "gateway_id": "",
            "id": "rtbassoc-0f214d8fb1c59c4ef",
            "route_table_id": "rtb-0e3f849a8389da544",
            "subnet_id": "subnet-0574a3c3907592f3c"
          },
          "sensitive_attributes": [],
          "private": "bnVsbA==",
          "dependencies": [
            "module.vpc.aws_eip.PACUJPEU1-Eip",
            "module.vpc.aws_internet_gateway.PACUJPEU1-IGW",
            "module.vpc.aws_nat_gateway.PACUJPEU1-NAT",
            "module.vpc.aws_route_table.PACUJPEU1-PrvtRT",
            "module.vpc.aws_subnet.PACUJPEU1-PrvtSub02",
            "module.vpc.aws_subnet.PACUJPEU1-PubSub02",
            "module.vpc.aws_vpc.PACUJPEU1-vpc"
          ]
        }
      ]
    },
    {
      "module": "module.vpc",
      "mode": "managed",
      "type": "aws_route_table_association",
      "name": "PACUJPEU1-PubSub01-asst",
      "provider": "provider[\"registry.terraform.io/hashicorp/aws\"]",
      "instances": [
        {
          "schema_version": 0,
          "attributes": {
            "gateway_id": "",
            "id": "rtbassoc-085a1b7cb1983bf7b",
            "route_table_id": "rtb-076f5e3aa1a84c54f",
            "subnet_id": "subnet-06b9b390535918373"
          },
          "sensitive_attributes": [],
          "private": "bnVsbA==",
          "dependencies": [
            "module.vpc.aws_internet_gateway.PACUJPEU1-IGW",
            "module.vpc.aws_route_table.PACUJPEU1-PubRT",
            "module.vpc.aws_subnet.PACUJPEU1-PubSub01",
            "module.vpc.aws_vpc.PACUJPEU1-vpc"
          ]
        }
      ]
    },
    {
      "module": "module.vpc",
      "mode": "managed",
      "type": "aws_route_table_association",
      "name": "PACUJPEU1-PubSub02-asst",
      "provider": "provider[\"registry.terraform.io/hashicorp/aws\"]",
      "instances": [
        {
          "schema_version": 0,
          "attributes": {
            "gateway_id": "",
            "id": "rtbassoc-051e975ce321c1852",
            "route_table_id": "rtb-076f5e3aa1a84c54f",
            "subnet_id": "subnet-0ac7a2bd1d95e0a0b"
          },
          "sensitive_attributes": [],
          "private": "bnVsbA==",
          "dependencies": [
            "module.vpc.aws_internet_gateway.PACUJPEU1-IGW",
            "module.vpc.aws_route_table.PACUJPEU1-PubRT",
            "module.vpc.aws_subnet.PACUJPEU1-PubSub02",
            "module.vpc.aws_vpc.PACUJPEU1-vpc"
          ]
        }
      ]
    },
    {
      "module": "module.vpc",
      "mode": "managed",
      "type": "aws_subnet",
      "name": "PACUJPEU1-PrvtSub01",
      "provider": "provider[\"registry.terraform.io/hashicorp/aws\"]",
      "instances": [
        {
          "schema_version": 1,
          "attributes": {
            "arn": "arn:aws:ec2:eu-west-3:739980000921:subnet/subnet-0b5cd7d411ade5509",
            "assign_ipv6_address_on_creation": false,
            "availability_zone": "eu-west-3a",
            "availability_zone_id": "euw3-az1",
            "cidr_block": "10.0.3.0/24",
            "customer_owned_ipv4_pool": "",
            "enable_dns64": false,
            "enable_resource_name_dns_a_record_on_launch": false,
            "enable_resource_name_dns_aaaa_record_on_launch": false,
            "id": "subnet-0b5cd7d411ade5509",
            "ipv6_cidr_block": "",
            "ipv6_cidr_block_association_id": "",
            "ipv6_native": false,
            "map_customer_owned_ip_on_launch": false,
            "map_public_ip_on_launch": false,
            "outpost_arn": "",
            "owner_id": "739980000921",
            "private_dns_hostname_type_on_launch": "ip-name",
            "tags": {
              "Name": "PACUJPEU1-PrvtSub01"
            },
            "tags_all": {
              "Name": "PACUJPEU1-PrvtSub01"
            },
            "timeouts": null,
            "vpc_id": "vpc-0d08bf64ef18a8d99"
          },
          "sensitive_attributes": [],
          "private": "eyJlMmJmYjczMC1lY2FhLTExZTYtOGY4OC0zNDM2M2JjN2M0YzAiOnsiY3JlYXRlIjo2MDAwMDAwMDAwMDAsImRlbGV0ZSI6MTIwMDAwMDAwMDAwMH0sInNjaGVtYV92ZXJzaW9uIjoiMSJ9",
          "dependencies": [
            "module.vpc.aws_vpc.PACUJPEU1-vpc"
          ]
        }
      ]
    },
    {
      "module": "module.vpc",
      "mode": "managed",
      "type": "aws_subnet",
      "name": "PACUJPEU1-PrvtSub02",
      "provider": "provider[\"registry.terraform.io/hashicorp/aws\"]",
      "instances": [
        {
          "schema_version": 1,
          "attributes": {
            "arn": "arn:aws:ec2:eu-west-3:739980000921:subnet/subnet-0574a3c3907592f3c",
            "assign_ipv6_address_on_creation": false,
            "availability_zone": "eu-west-3b",
            "availability_zone_id": "euw3-az2",
            "cidr_block": "10.0.4.0/24",
            "customer_owned_ipv4_pool": "",
            "enable_dns64": false,
            "enable_resource_name_dns_a_record_on_launch": false,
            "enable_resource_name_dns_aaaa_record_on_launch": false,
            "id": "subnet-0574a3c3907592f3c",
            "ipv6_cidr_block": "",
            "ipv6_cidr_block_association_id": "",
            "ipv6_native": false,
            "map_customer_owned_ip_on_launch": false,
            "map_public_ip_on_launch": false,
            "outpost_arn": "",
            "owner_id": "739980000921",
            "private_dns_hostname_type_on_launch": "ip-name",
            "tags": {
              "Name": "PACUJPEU1-PrvtSub02"
            },
            "tags_all": {
              "Name": "PACUJPEU1-PrvtSub02"
            },
            "timeouts": null,
            "vpc_id": "vpc-0d08bf64ef18a8d99"
          },
          "sensitive_attributes": [],
          "private": "eyJlMmJmYjczMC1lY2FhLTExZTYtOGY4OC0zNDM2M2JjN2M0YzAiOnsiY3JlYXRlIjo2MDAwMDAwMDAwMDAsImRlbGV0ZSI6MTIwMDAwMDAwMDAwMH0sInNjaGVtYV92ZXJzaW9uIjoiMSJ9",
          "dependencies": [
            "module.vpc.aws_vpc.PACUJPEU1-vpc"
          ]
        }
      ]
    },
    {
      "module": "module.vpc",
      "mode": "managed",
      "type": "aws_subnet",
      "name": "PACUJPEU1-PubSub01",
      "provider": "provider[\"registry.terraform.io/hashicorp/aws\"]",
      "instances": [
        {
          "schema_version": 1,
          "attributes": {
            "arn": "arn:aws:ec2:eu-west-3:739980000921:subnet/subnet-06b9b390535918373",
            "assign_ipv6_address_on_creation": false,
            "availability_zone": "eu-west-3a",
            "availability_zone_id": "euw3-az1",
            "cidr_block": "10.0.1.0/24",
            "customer_owned_ipv4_pool": "",
            "enable_dns64": false,
            "enable_resource_name_dns_a_record_on_launch": false,
            "enable_resource_name_dns_aaaa_record_on_launch": false,
            "id": "subnet-06b9b390535918373",
            "ipv6_cidr_block": "",
            "ipv6_cidr_block_association_id": "",
            "ipv6_native": false,
            "map_customer_owned_ip_on_launch": false,
            "map_public_ip_on_launch": false,
            "outpost_arn": "",
            "owner_id": "739980000921",
            "private_dns_hostname_type_on_launch": "ip-name",
            "tags": {
              "Name": "PACUJPEU1-PubSub01"
            },
            "tags_all": {
              "Name": "PACUJPEU1-PubSub01"
            },
            "timeouts": null,
            "vpc_id": "vpc-0d08bf64ef18a8d99"
          },
          "sensitive_attributes": [],
          "private": "eyJlMmJmYjczMC1lY2FhLTExZTYtOGY4OC0zNDM2M2JjN2M0YzAiOnsiY3JlYXRlIjo2MDAwMDAwMDAwMDAsImRlbGV0ZSI6MTIwMDAwMDAwMDAwMH0sInNjaGVtYV92ZXJzaW9uIjoiMSJ9",
          "dependencies": [
            "module.vpc.aws_vpc.PACUJPEU1-vpc"
          ]
        }
      ]
    },
    {
      "module": "module.vpc",
      "mode": "managed",
      "type": "aws_subnet",
      "name": "PACUJPEU1-PubSub02",
      "provider": "provider[\"registry.terraform.io/hashicorp/aws\"]",
      "instances": [
        {
          "schema_version": 1,
          "attributes": {
            "arn": "arn:aws:ec2:eu-west-3:739980000921:subnet/subnet-0ac7a2bd1d95e0a0b",
            "assign_ipv6_address_on_creation": false,
            "availability_zone": "eu-west-3b",
            "availability_zone_id": "euw3-az2",
            "cidr_block": "10.0.2.0/24",
            "customer_owned_ipv4_pool": "",
            "enable_dns64": false,
            "enable_resource_name_dns_a_record_on_launch": false,
            "enable_resource_name_dns_aaaa_record_on_launch": false,
            "id": "subnet-0ac7a2bd1d95e0a0b",
            "ipv6_cidr_block": "",
            "ipv6_cidr_block_association_id": "",
            "ipv6_native": false,
            "map_customer_owned_ip_on_launch": false,
            "map_public_ip_on_launch": false,
            "outpost_arn": "",
            "owner_id": "739980000921",
            "private_dns_hostname_type_on_launch": "ip-name",
            "tags": {
              "Name": "PACUJPEU1-PubSub02"
            },
            "tags_all": {
              "Name": "PACUJPEU1-PubSub02"
            },
            "timeouts": null,
            "vpc_id": "vpc-0d08bf64ef18a8d99"
          },
          "sensitive_attributes": [],
          "private": "eyJlMmJmYjczMC1lY2FhLTExZTYtOGY4OC0zNDM2M2JjN2M0YzAiOnsiY3JlYXRlIjo2MDAwMDAwMDAwMDAsImRlbGV0ZSI6MTIwMDAwMDAwMDAwMH0sInNjaGVtYV92ZXJzaW9uIjoiMSJ9",
          "dependencies": [
            "module.vpc.aws_vpc.PACUJPEU1-vpc"
          ]
        }
      ]
    },
    {
      "module": "module.vpc",
      "mode": "managed",
      "type": "aws_vpc",
      "name": "PACUJPEU1-vpc",
      "provider": "provider[\"registry.terraform.io/hashicorp/aws\"]",
      "instances": [
        {
          "schema_version": 1,
          "attributes": {
            "arn": "arn:aws:ec2:eu-west-3:739980000921:vpc/vpc-0d08bf64ef18a8d99",
            "assign_generated_ipv6_cidr_block": false,
            "cidr_block": "10.0.0.0/16",
            "default_network_acl_id": "acl-0fe3dc8cb85fbb5f2",
            "default_route_table_id": "rtb-08fc5a2bd5c385da4",
            "default_security_group_id": "sg-0ef9b657786997248",
            "dhcp_options_id": "dopt-03ec5cea15d1994b2",
            "enable_classiclink": false,
            "enable_classiclink_dns_support": false,
            "enable_dns_hostnames": false,
            "enable_dns_support": true,
            "enable_network_address_usage_metrics": false,
            "id": "vpc-0d08bf64ef18a8d99",
            "instance_tenancy": "default",
            "ipv4_ipam_pool_id": null,
            "ipv4_netmask_length": null,
            "ipv6_association_id": "",
            "ipv6_cidr_block": "",
            "ipv6_cidr_block_network_border_group": "",
            "ipv6_ipam_pool_id": "",
            "ipv6_netmask_length": 0,
            "main_route_table_id": "rtb-08fc5a2bd5c385da4",
            "owner_id": "739980000921",
            "tags": {
              "name": "PACUJPEU1-vpc"
            },
            "tags_all": {
              "name": "PACUJPEU1-vpc"
            }
          },
          "sensitive_attributes": [],
          "private": "eyJzY2hlbWFfdmVyc2lvbiI6IjEifQ=="
        }
      ]
    }
  ],
  "check_results": null
}
